// !$*UTF8*$!
{
	archiveVersion = 1;
	classes = {
	};
	objectVersion = 54;
	objects = {

/* Begin PBXBuildFile section */
		07795D651F06ADCC0018466E /* CoreDataHelper.swift in Sources */ = {isa = PBXBuildFile; fileRef = 07795D641F06ADCC0018466E /* CoreDataHelper.swift */; };
		2E4A07941C42F3B0007F415F /* AppDelegate.swift in Sources */ = {isa = PBXBuildFile; fileRef = 2E4A07931C42F3B0007F415F /* AppDelegate.swift */; };
		2E4A07991C42F3B0007F415F /* Main.storyboard in Resources */ = {isa = PBXBuildFile; fileRef = 2E4A07971C42F3B0007F415F /* Main.storyboard */; };
		2E4A079B1C42F3B0007F415F /* Assets.xcassets in Resources */ = {isa = PBXBuildFile; fileRef = 2E4A079A1C42F3B0007F415F /* Assets.xcassets */; };
		2E4A079E1C42F3B0007F415F /* LaunchScreen.storyboard in Resources */ = {isa = PBXBuildFile; fileRef = 2E4A079C1C42F3B0007F415F /* LaunchScreen.storyboard */; };
		2E4A07A91C42F40B007F415F /* ListNotesTableViewController.swift in Sources */ = {isa = PBXBuildFile; fileRef = 2E4A07A81C42F40B007F415F /* ListNotesTableViewController.swift */; };
		2E4A07AB1C42F497007F415F /* DisplayNoteViewController.swift in Sources */ = {isa = PBXBuildFile; fileRef = 2E4A07AA1C42F497007F415F /* DisplayNoteViewController.swift */; };
		2E4A07AF1C42F539007F415F /* Date+convertToString.swift in Sources */ = {isa = PBXBuildFile; fileRef = 2E4A07AE1C42F539007F415F /* Date+convertToString.swift */; };
		2E4A07B11C42F599007F415F /* ListNotesTableViewCell.swift in Sources */ = {isa = PBXBuildFile; fileRef = 2E4A07B01C42F599007F415F /* ListNotesTableViewCell.swift */; };
		337E0228279244A00081AA27 /* StoreKitTestCertificate.cer in Resources */ = {isa = PBXBuildFile; fileRef = 337E0227279244A00081AA27 /* StoreKitTestCertificate.cer */; };
		730438632A315B02001EF25B /* FoldersService.swift in Sources */ = {isa = PBXBuildFile; fileRef = 730438622A315B02001EF25B /* FoldersService.swift */; };
		730438652A315B17001EF25B /* AdsService.swift in Sources */ = {isa = PBXBuildFile; fileRef = 730438642A315B17001EF25B /* AdsService.swift */; };
		730438712A341519001EF25B /* AdsHandler.swift in Sources */ = {isa = PBXBuildFile; fileRef = 730438702A341519001EF25B /* AdsHandler.swift */; };
		730438762A3445EF001EF25B /* FlowLayout.swift in Sources */ = {isa = PBXBuildFile; fileRef = 730438752A3445EF001EF25B /* FlowLayout.swift */; };
		7304387A2A34467C001EF25B /* FolderCollectionViewCell.swift in Sources */ = {isa = PBXBuildFile; fileRef = 730438792A34467B001EF25B /* FolderCollectionViewCell.swift */; };
		7304387C2A344692001EF25B /* EditLeftBarButtonItem.swift in Sources */ = {isa = PBXBuildFile; fileRef = 7304387B2A344692001EF25B /* EditLeftBarButtonItem.swift */; };
		7304387E2A3446A4001EF25B /* AdditionsRightBarButtonItem.swift in Sources */ = {isa = PBXBuildFile; fileRef = 7304387D2A3446A4001EF25B /* AdditionsRightBarButtonItem.swift */; };
		730B2EB92C593FD40016FD9E /* BackupUpdateManager.swift in Sources */ = {isa = PBXBuildFile; fileRef = 730B2EB82C593FD40016FD9E /* BackupUpdateManager.swift */; };
		731436442A48D6B000B9842E /* FooterView.swift in Sources */ = {isa = PBXBuildFile; fileRef = 731436432A48D6B000B9842E /* FooterView.swift */; };
		7342CA352ABB95DB004FD07C /* DiamondView.swift in Sources */ = {isa = PBXBuildFile; fileRef = 7342CA342ABB95DB004FD07C /* DiamondView.swift */; };
		7342CA372ABBC0BC004FD07C /* PurchaseBenetList.swift in Sources */ = {isa = PBXBuildFile; fileRef = 7342CA362ABBC0BC004FD07C /* PurchaseBenetList.swift */; };
		7342CA392ABBC0DA004FD07C /* PurchaseHeaderView.swift in Sources */ = {isa = PBXBuildFile; fileRef = 7342CA382ABBC0DA004FD07C /* PurchaseHeaderView.swift */; };
		736BDAD12A979BC100851BEF /* LoadingAlert.swift in Sources */ = {isa = PBXBuildFile; fileRef = 736BDAD02A979BC100851BEF /* LoadingAlert.swift */; };
		736BDAD32A979D7200851BEF /* BackupModalViewController.swift in Sources */ = {isa = PBXBuildFile; fileRef = 736BDAD22A979D7100851BEF /* BackupModalViewController.swift */; };
		737530CF2B60CE6A000B23E3 /* UseTermsViewController.swift in Sources */ = {isa = PBXBuildFile; fileRef = 737530CE2B60CE6A000B23E3 /* UseTermsViewController.swift */; };
		737D66A42AB0AB3100806C98 /* RoundedShadowView.swift in Sources */ = {isa = PBXBuildFile; fileRef = 737D66A32AB0AB3100806C98 /* RoundedShadowView.swift */; };
		737D66A62AB0AB9F00806C98 /* FaceIDManager.swift in Sources */ = {isa = PBXBuildFile; fileRef = 737D66A52AB0AB9F00806C98 /* FaceIDManager.swift */; };
		737FFF962BACC63E003CBD33 /* InfoPlist.strings in Resources */ = {isa = PBXBuildFile; fileRef = 737FFF982BACC63E003CBD33 /* InfoPlist.strings */; };
		738218502767ECE500E726FE /* NavigationController+Extensions.swift in Sources */ = {isa = PBXBuildFile; fileRef = 7382184F2767ECE500E726FE /* NavigationController+Extensions.swift */; };
		73862C822AAD1894005D9D25 /* OnboardingViewController.swift in Sources */ = {isa = PBXBuildFile; fileRef = 73862C812AAD1894005D9D25 /* OnboardingViewController.swift */; };
		73862C842AAD18BC005D9D25 /* Constants.swift in Sources */ = {isa = PBXBuildFile; fileRef = 73862C832AAD18BC005D9D25 /* Constants.swift */; };
		73862C862AAD19CA005D9D25 /* VaultViewController.swift in Sources */ = {isa = PBXBuildFile; fileRef = 73862C852AAD19CA005D9D25 /* VaultViewController.swift */; };
		73862C882AAD2CFA005D9D25 /* VideoCollectionCoordinator.swift in Sources */ = {isa = PBXBuildFile; fileRef = 73862C872AAD2CFA005D9D25 /* VideoCollectionCoordinator.swift */; };
		73862C8F2AAD2DBA005D9D25 /* SettingsCoordinator.swift in Sources */ = {isa = PBXBuildFile; fileRef = 73862C8E2AAD2DB9005D9D25 /* SettingsCoordinator.swift */; };
		738827C82B1509170051BEF4 /* InAppPurchaseManager.swift in Sources */ = {isa = PBXBuildFile; fileRef = 738827C72B1509170051BEF4 /* InAppPurchaseManager.swift */; };
		738B6AEF2AD8C54C00EA4B72 /* ScrollableTextViewController.swift in Sources */ = {isa = PBXBuildFile; fileRef = 738B6AEE2AD8C54C00EA4B72 /* ScrollableTextViewController.swift */; };
		738B6AF12AD8C57800EA4B72 /* OnboardingAddPhotosViewController.swift in Sources */ = {isa = PBXBuildFile; fileRef = 738B6AF02AD8C57800EA4B72 /* OnboardingAddPhotosViewController.swift */; };
		738B6AF32AD8C60200EA4B72 /* InsertRecoverEmailViewController.swift in Sources */ = {isa = PBXBuildFile; fileRef = 738B6AF22AD8C60200EA4B72 /* InsertRecoverEmailViewController.swift */; };
		738FB4BE2BADD4C400595F60 /* NewCalc2.storyboard in Resources */ = {isa = PBXBuildFile; fileRef = 738FB4BD2BADD49500595F60 /* NewCalc2.storyboard */; };
		738FB4BF2BADD4C600595F60 /* ChangeNewCalcViewController2.swift in Sources */ = {isa = PBXBuildFile; fileRef = 738FB4BC2BADD49400595F60 /* ChangeNewCalcViewController2.swift */; };
		73A8EFDE2C5AA49800601079 /* BackupHeaderView.swift in Sources */ = {isa = PBXBuildFile; fileRef = 73A8EFDD2C5AA49800601079 /* BackupHeaderView.swift */; };
		73A8EFE02C5ABE7200601079 /* BackupLoginView.swift in Sources */ = {isa = PBXBuildFile; fileRef = 73A8EFDF2C5ABE7200601079 /* BackupLoginView.swift */; };
		73A8EFE22C5ABE9800601079 /* BackupStatusView.swift in Sources */ = {isa = PBXBuildFile; fileRef = 73A8EFE12C5ABE9800601079 /* BackupStatusView.swift */; };
		73A8EFE42C5ABEBB00601079 /* CustomLabelButtonView.swift in Sources */ = {isa = PBXBuildFile; fileRef = 73A8EFE32C5ABEBB00601079 /* CustomLabelButtonView.swift */; };
		73A8EFE62C5ACA3600601079 /* BackupProfileView.swift in Sources */ = {isa = PBXBuildFile; fileRef = 73A8EFE52C5ACA3600601079 /* BackupProfileView.swift */; };
		73ABC0EF284F195B00E5C3A4 /* Purchase.storyboard in Resources */ = {isa = PBXBuildFile; fileRef = 73ABC0EE284F195B00E5C3A4 /* Purchase.storyboard */; };
		73AF3C2E2C6515840011FE35 /* FirebaseImageService.swift in Sources */ = {isa = PBXBuildFile; fileRef = 73AF3C2D2C6515830011FE35 /* FirebaseImageService.swift */; };
		73AF3C302C6515D30011FE35 /* FirebaseVideoService.swift in Sources */ = {isa = PBXBuildFile; fileRef = 73AF3C2F2C6515D30011FE35 /* FirebaseVideoService.swift */; };
		73AF3C322C65162A0011FE35 /* Data+Extension.swift in Sources */ = {isa = PBXBuildFile; fileRef = 73AF3C312C65162A0011FE35 /* Data+Extension.swift */; };
		73B053D22AA01A0100546566 /* PlaceholderView.swift in Sources */ = {isa = PBXBuildFile; fileRef = 73B053D12AA01A0100546566 /* PlaceholderView.swift */; };
		73B54D4C27B096E800499F66 /* CalculatorMode.storyboard in Resources */ = {isa = PBXBuildFile; fileRef = 73B54D4B27B096E800499F66 /* CalculatorMode.storyboard */; };
		73B54D4E27B096F600499F66 /* BankMode.storyboard in Resources */ = {isa = PBXBuildFile; fileRef = 73B54D4D27B096F600499F66 /* BankMode.storyboard */; };
		73B54D5D27B09A1B00499F66 /* Localizable.strings in Resources */ = {isa = PBXBuildFile; fileRef = 73B54D5F27B09A1B00499F66 /* Localizable.strings */; };
		73B54D6627B09D9800499F66 /* String+Localized.swift in Sources */ = {isa = PBXBuildFile; fileRef = 73B54D6527B09D9800499F66 /* String+Localized.swift */; };
		73B54D6827B09DF100499F66 /* Text.swift in Sources */ = {isa = PBXBuildFile; fileRef = 73B54D6727B09DF100499F66 /* Text.swift */; };
		73B54D6B27B09FDA00499F66 /* UILabel+extensions.swift in Sources */ = {isa = PBXBuildFile; fileRef = 73B54D6A27B09FDA00499F66 /* UILabel+extensions.swift */; };
		73B54D6D27B0A89800499F66 /* UIButton+Extension.swift in Sources */ = {isa = PBXBuildFile; fileRef = 73B54D6C27B0A89800499F66 /* UIButton+Extension.swift */; };
		73B54D6F27B0AC7A00499F66 /* Alerts.swift in Sources */ = {isa = PBXBuildFile; fileRef = 73B54D6E27B0AC7A00499F66 /* Alerts.swift */; };
		73B54D7127B0AE1100499F66 /* UIImage+Extension.swift in Sources */ = {isa = PBXBuildFile; fileRef = 73B54D7027B0AE1100499F66 /* UIImage+Extension.swift */; };
		73B860592AC1FB330023441A /* OnboardingView.swift in Sources */ = {isa = PBXBuildFile; fileRef = 73B860582AC1FB330023441A /* OnboardingView.swift */; };
		73BD064E2B0B229200205E4B /* VaultViewControllerNew.swift in Sources */ = {isa = PBXBuildFile; fileRef = 73BD064D2B0B229200205E4B /* VaultViewControllerNew.swift */; };
		73C0360A2A992E0A004660F4 /* CollectionViewCoordinator.swift in Sources */ = {isa = PBXBuildFile; fileRef = 73C036092A992E0A004660F4 /* CollectionViewCoordinator.swift */; };
		73C2C5032A49CF8900963BA2 /* BaseCalculatorViewController.swift in Sources */ = {isa = PBXBuildFile; fileRef = 73C2C5022A49CF8900963BA2 /* BaseCalculatorViewController.swift */; };
		73C2C5052A49D79B00963BA2 /* UIView+extension.swift in Sources */ = {isa = PBXBuildFile; fileRef = 73C2C5042A49D79B00963BA2 /* UIView+extension.swift */; };
		73C2C5072A49D7AE00963BA2 /* TabBarController+Extensions.swift in Sources */ = {isa = PBXBuildFile; fileRef = 73C2C5062A49D7AE00963BA2 /* TabBarController+Extensions.swift */; };
		73C2C5092A49D7E700963BA2 /* swiftlint.yml in Resources */ = {isa = PBXBuildFile; fileRef = 73C2C5082A49D7E700963BA2 /* swiftlint.yml */; };
		73C2C50B2A49D84000963BA2 /* BasicCollectionViewController.swift in Sources */ = {isa = PBXBuildFile; fileRef = 73C2C50A2A49D84000963BA2 /* BasicCollectionViewController.swift */; };
		73CBF8802B6F244500F85B6E /* NewCalc.storyboard in Resources */ = {isa = PBXBuildFile; fileRef = 73CBF87D2B6F1DFB00F85B6E /* NewCalc.storyboard */; };
		73D1CD9B2B731212007E97CC /* ChangeNewCalcViewController.swift in Sources */ = {isa = PBXBuildFile; fileRef = 73CBF87F2B6F1DFC00F85B6E /* ChangeNewCalcViewController.swift */; };
		7F4916C5D805B52E511B2B44 /* Pods_Calculator_Notes.framework in Frameworks */ = {isa = PBXBuildFile; fileRef = 7CA30AE169359D48567BC5C9 /* Pods_Calculator_Notes.framework */; };
		848490D31D68F5610043C60B /* MakeSchoolNotes.xcdatamodeld in Sources */ = {isa = PBXBuildFile; fileRef = 848490D11D68F5610043C60B /* MakeSchoolNotes.xcdatamodeld */; };
		BA3244422A4B692C00A782CA /* BasicModels.swift in Sources */ = {isa = PBXBuildFile; fileRef = BA3244412A4B692C00A782CA /* BasicModels.swift */; };
		C4148D8A2440F45E00225706 /* CollectionViewCell.swift in Sources */ = {isa = PBXBuildFile; fileRef = C4148D882440F45E00225706 /* CollectionViewCell.swift */; };
		C41F8484249F271F0015F134 /* PasswordViewController.swift in Sources */ = {isa = PBXBuildFile; fileRef = C41F8483249F271F0015F134 /* PasswordViewController.swift */; };
		C4507E0824A7C1FF00960972 /* VideoPlayer.storyboard in Resources */ = {isa = PBXBuildFile; fileRef = C4507E0724A7C1FF00960972 /* VideoPlayer.storyboard */; };
		C467BCAB24A9AABF0039D237 /* VideoCollectionViewController.swift in Sources */ = {isa = PBXBuildFile; fileRef = C467BCA924A9A08E0039D237 /* VideoCollectionViewController.swift */; };
		C467BCC424A9B1880039D237 /* VideoModelController.swift in Sources */ = {isa = PBXBuildFile; fileRef = C467BCC224A9B1880039D237 /* VideoModelController.swift */; };
		C46AD0FF24416D8E00EF0236 /* CoreDataImageService.swift in Sources */ = {isa = PBXBuildFile; fileRef = C46AD0FE24416D8E00EF0236 /* CoreDataImageService.swift */; };
		C46AD1012441708400EF0236 /* ModelController.swift in Sources */ = {isa = PBXBuildFile; fileRef = C46AD1002441708400EF0236 /* ModelController.swift */; };
		C480A50224A770E500094FC8 /* PurchaseViewController.swift in Sources */ = {isa = PBXBuildFile; fileRef = C480A50124A770E500094FC8 /* PurchaseViewController.swift */; };
		C480A50424A7746B00094FC8 /* Notes.storyboard in Resources */ = {isa = PBXBuildFile; fileRef = C480A50324A7746A00094FC8 /* Notes.storyboard */; };
		C480A50624A7752F00094FC8 /* Gallery.storyboard in Resources */ = {isa = PBXBuildFile; fileRef = C480A50524A7752F00094FC8 /* Gallery.storyboard */; };
		C480A50824A7757600094FC8 /* Settings.storyboard in Resources */ = {isa = PBXBuildFile; fileRef = C480A50724A7757600094FC8 /* Settings.storyboard */; };
		C48108E424A559AA003E2FA5 /* SettingsViewController.swift in Sources */ = {isa = PBXBuildFile; fileRef = C48108E324A559AA003E2FA5 /* SettingsViewController.swift */; };
		C48108E724A5753B003E2FA5 /* ChangePasswordViewController.swift in Sources */ = {isa = PBXBuildFile; fileRef = C48108E624A5753B003E2FA5 /* ChangePasswordViewController.swift */; };
		C48108E924A57552003E2FA5 /* ChangeCalculatorViewController.swift in Sources */ = {isa = PBXBuildFile; fileRef = C48108E824A57552003E2FA5 /* ChangeCalculatorViewController.swift */; };
		C48DC9D32CDD1BA9008C9E16 /* TutorialView.swift in Sources */ = {isa = PBXBuildFile; fileRef = C48DC9D22CDD1BA9008C9E16 /* TutorialView.swift */; };
		C49B73BA2CB9D7970097E37E /* FakeHomeFactory.swift in Sources */ = {isa = PBXBuildFile; fileRef = C49B73B42CB9D7970097E37E /* FakeHomeFactory.swift */; };
		C49B73BC2CB9D7970097E37E /* FakeHomeViewController.swift in Sources */ = {isa = PBXBuildFile; fileRef = C49B73B62CB9D7970097E37E /* FakeHomeViewController.swift */; };
		C4A819F124A6C113005023C6 /* IAPHelper.swift in Sources */ = {isa = PBXBuildFile; fileRef = C4A819EC24A6C111005023C6 /* IAPHelper.swift */; };
		C4A819F424A6C113005023C6 /* RazeFaceProducts.swift in Sources */ = {isa = PBXBuildFile; fileRef = C4A819EF24A6C113005023C6 /* RazeFaceProducts.swift */; };
		C4B183CD2CCFCD2F00BE0272 /* FirebasePhotoSharingService.swift in Sources */ = {isa = PBXBuildFile; fileRef = C4B183CC2CCFCD2F00BE0272 /* FirebasePhotoSharingService.swift */; };
		C4B75EF52CDC000D005BEBD4 /* SharedFolderSettings.swift in Sources */ = {isa = PBXBuildFile; fileRef = C4B75EF42CDC000D005BEBD4 /* SharedFolderSettings.swift */; };
		C4BEBDED2CD8FE2E001B15B4 /* CollectionViewController.swift in Sources */ = {isa = PBXBuildFile; fileRef = C4BEBDEC2CD8FE2D001B15B4 /* CollectionViewController.swift */; };
		C4C079CB2698CFBC0020FC69 /* UserDefaultService.swift in Sources */ = {isa = PBXBuildFile; fileRef = C4C079CA2698CFBC0020FC69 /* UserDefaultService.swift */; };
		C4CA01532CB80A8B007C4EB9 /* SafariWrapperViewController.swift in Sources */ = {isa = PBXBuildFile; fileRef = C4CA01522CB80A8A007C4EB9 /* SafariWrapperViewController.swift */; };
		C4CA01552CB82593007C4EB9 /* IconContentView.swift in Sources */ = {isa = PBXBuildFile; fileRef = C4CA01542CB82593007C4EB9 /* IconContentView.swift */; };
		C4D5123B2CDD013800238037 /* SecretLinkCell.swift in Sources */ = {isa = PBXBuildFile; fileRef = C4D5123A2CDD013800238037 /* SecretLinkCell.swift */; };
		C4D6CAD12CBF3B5D001AD628 /* PhotoViewController.swift in Sources */ = {isa = PBXBuildFile; fileRef = C4D6CAD02CBF3B5C001AD628 /* PhotoViewController.swift */; };
		C4FFA33B243E898E008A41FA /* CalculatorViewController.swift in Sources */ = {isa = PBXBuildFile; fileRef = C4FFA33A243E898E008A41FA /* CalculatorViewController.swift */; };
		C60906FC2C18D2D20066D337 /* UIView+Designable.swift in Sources */ = {isa = PBXBuildFile; fileRef = C60906FB2C18D2D20066D337 /* UIView+Designable.swift */; };
		C60907022C18D45A0066D337 /* AuthManager.swift in Sources */ = {isa = PBXBuildFile; fileRef = C60907012C18D45A0066D337 /* AuthManager.swift */; };
		D703A42B2C2B7B06005320CC /* GoogleService-Info.plist in Resources */ = {isa = PBXBuildFile; fileRef = D703A42A2C2B7B06005320CC /* GoogleService-Info.plist */; };
		D7B44A942C366030001255FA /* FirebaseBackupService.swift in Sources */ = {isa = PBXBuildFile; fileRef = D7B44A932C366030001255FA /* FirebaseBackupService.swift */; };
/* End PBXBuildFile section */

/* Begin PBXCopyFilesBuildPhase section */
		2E4A07BB1C42F8B5007F415F /* Embed Frameworks */ = {
			isa = PBXCopyFilesBuildPhase;
			buildActionMask = 12;
			dstPath = "";
			dstSubfolderSpec = 10;
			files = (
			);
			name = "Embed Frameworks";
			runOnlyForDeploymentPostprocessing = 0;
		};
/* End PBXCopyFilesBuildPhase section */

/* Begin PBXFileReference section */
		07795D641F06ADCC0018466E /* CoreDataHelper.swift */ = {isa = PBXFileReference; fileEncoding = 4; lastKnownFileType = sourcecode.swift; path = CoreDataHelper.swift; sourceTree = "<group>"; };
		1075548349A77F8CBAA3FF01 /* Pods-Calculator Notes.release.xcconfig */ = {isa = PBXFileReference; includeInIndex = 1; lastKnownFileType = text.xcconfig; name = "Pods-Calculator Notes.release.xcconfig"; path = "Target Support Files/Pods-Calculator Notes/Pods-Calculator Notes.release.xcconfig"; sourceTree = "<group>"; };
		2E4A07901C42F3B0007F415F /* Calculator Notes.app */ = {isa = PBXFileReference; explicitFileType = wrapper.application; includeInIndex = 0; path = "Calculator Notes.app"; sourceTree = BUILT_PRODUCTS_DIR; };
		2E4A07931C42F3B0007F415F /* AppDelegate.swift */ = {isa = PBXFileReference; lastKnownFileType = sourcecode.swift; path = AppDelegate.swift; sourceTree = "<group>"; };
		2E4A07981C42F3B0007F415F /* Base */ = {isa = PBXFileReference; lastKnownFileType = file.storyboard; name = Base; path = Base.lproj/Main.storyboard; sourceTree = "<group>"; };
		2E4A079A1C42F3B0007F415F /* Assets.xcassets */ = {isa = PBXFileReference; lastKnownFileType = folder.assetcatalog; path = Assets.xcassets; sourceTree = "<group>"; };
		2E4A079D1C42F3B0007F415F /* Base */ = {isa = PBXFileReference; lastKnownFileType = file.storyboard; name = Base; path = Base.lproj/LaunchScreen.storyboard; sourceTree = "<group>"; };
		2E4A079F1C42F3B0007F415F /* Info.plist */ = {isa = PBXFileReference; lastKnownFileType = text.plist.xml; path = Info.plist; sourceTree = "<group>"; };
		2E4A07A81C42F40B007F415F /* ListNotesTableViewController.swift */ = {isa = PBXFileReference; fileEncoding = 4; lastKnownFileType = sourcecode.swift; path = ListNotesTableViewController.swift; sourceTree = "<group>"; };
		2E4A07AA1C42F497007F415F /* DisplayNoteViewController.swift */ = {isa = PBXFileReference; fileEncoding = 4; lastKnownFileType = sourcecode.swift; path = DisplayNoteViewController.swift; sourceTree = "<group>"; };
		2E4A07AE1C42F539007F415F /* Date+convertToString.swift */ = {isa = PBXFileReference; fileEncoding = 4; lastKnownFileType = sourcecode.swift; path = "Date+convertToString.swift"; sourceTree = "<group>"; };
		2E4A07B01C42F599007F415F /* ListNotesTableViewCell.swift */ = {isa = PBXFileReference; fileEncoding = 4; lastKnownFileType = sourcecode.swift; path = ListNotesTableViewCell.swift; sourceTree = "<group>"; };
		337061FB27921AA100B1D30D /* Configuration.storekit */ = {isa = PBXFileReference; lastKnownFileType = text; path = Configuration.storekit; sourceTree = "<group>"; };
		337E0227279244A00081AA27 /* StoreKitTestCertificate.cer */ = {isa = PBXFileReference; lastKnownFileType = file; path = StoreKitTestCertificate.cer; sourceTree = "<group>"; };
		730438622A315B02001EF25B /* FoldersService.swift */ = {isa = PBXFileReference; fileEncoding = 4; lastKnownFileType = sourcecode.swift; path = FoldersService.swift; sourceTree = "<group>"; };
		730438642A315B17001EF25B /* AdsService.swift */ = {isa = PBXFileReference; lastKnownFileType = sourcecode.swift; path = AdsService.swift; sourceTree = "<group>"; };
		730438702A341519001EF25B /* AdsHandler.swift */ = {isa = PBXFileReference; lastKnownFileType = sourcecode.swift; path = AdsHandler.swift; sourceTree = "<group>"; };
		730438752A3445EF001EF25B /* FlowLayout.swift */ = {isa = PBXFileReference; fileEncoding = 4; lastKnownFileType = sourcecode.swift; path = FlowLayout.swift; sourceTree = "<group>"; };
		730438792A34467B001EF25B /* FolderCollectionViewCell.swift */ = {isa = PBXFileReference; fileEncoding = 4; lastKnownFileType = sourcecode.swift; path = FolderCollectionViewCell.swift; sourceTree = "<group>"; };
		7304387B2A344692001EF25B /* EditLeftBarButtonItem.swift */ = {isa = PBXFileReference; fileEncoding = 4; lastKnownFileType = sourcecode.swift; path = EditLeftBarButtonItem.swift; sourceTree = "<group>"; };
		7304387D2A3446A4001EF25B /* AdditionsRightBarButtonItem.swift */ = {isa = PBXFileReference; fileEncoding = 4; lastKnownFileType = sourcecode.swift; path = AdditionsRightBarButtonItem.swift; sourceTree = "<group>"; };
		730B2EB82C593FD40016FD9E /* BackupUpdateManager.swift */ = {isa = PBXFileReference; lastKnownFileType = sourcecode.swift; path = BackupUpdateManager.swift; sourceTree = "<group>"; };
		731436432A48D6B000B9842E /* FooterView.swift */ = {isa = PBXFileReference; lastKnownFileType = sourcecode.swift; path = FooterView.swift; sourceTree = "<group>"; };
		733E42EB2A61D5CE000FBEED /* Calculator Notes.entitlements */ = {isa = PBXFileReference; lastKnownFileType = text.plist.entitlements; path = "Calculator Notes.entitlements"; sourceTree = "<group>"; };
		7342CA342ABB95DB004FD07C /* DiamondView.swift */ = {isa = PBXFileReference; lastKnownFileType = sourcecode.swift; path = DiamondView.swift; sourceTree = "<group>"; };
		7342CA362ABBC0BC004FD07C /* PurchaseBenetList.swift */ = {isa = PBXFileReference; lastKnownFileType = sourcecode.swift; path = PurchaseBenetList.swift; sourceTree = "<group>"; };
		7342CA382ABBC0DA004FD07C /* PurchaseHeaderView.swift */ = {isa = PBXFileReference; lastKnownFileType = sourcecode.swift; path = PurchaseHeaderView.swift; sourceTree = "<group>"; };
		736BDAD02A979BC100851BEF /* LoadingAlert.swift */ = {isa = PBXFileReference; fileEncoding = 4; lastKnownFileType = sourcecode.swift; path = LoadingAlert.swift; sourceTree = "<group>"; };
		736BDAD22A979D7100851BEF /* BackupModalViewController.swift */ = {isa = PBXFileReference; lastKnownFileType = sourcecode.swift; path = BackupModalViewController.swift; sourceTree = "<group>"; };
		737530CE2B60CE6A000B23E3 /* UseTermsViewController.swift */ = {isa = PBXFileReference; lastKnownFileType = sourcecode.swift; path = UseTermsViewController.swift; sourceTree = "<group>"; };
		737D66A32AB0AB3100806C98 /* RoundedShadowView.swift */ = {isa = PBXFileReference; lastKnownFileType = sourcecode.swift; path = RoundedShadowView.swift; sourceTree = "<group>"; };
		737D66A52AB0AB9F00806C98 /* FaceIDManager.swift */ = {isa = PBXFileReference; lastKnownFileType = sourcecode.swift; path = FaceIDManager.swift; sourceTree = "<group>"; };
		737FFF972BACC63E003CBD33 /* en */ = {isa = PBXFileReference; lastKnownFileType = text.plist.strings; name = en; path = en.lproj/InfoPlist.strings; sourceTree = "<group>"; };
		737FFF992BACC646003CBD33 /* pt-BR */ = {isa = PBXFileReference; lastKnownFileType = text.plist.strings; name = "pt-BR"; path = "pt-BR.lproj/InfoPlist.strings"; sourceTree = "<group>"; };
		737FFF9A2BACC649003CBD33 /* es-MX */ = {isa = PBXFileReference; lastKnownFileType = text.plist.strings; name = "es-MX"; path = "es-MX.lproj/InfoPlist.strings"; sourceTree = "<group>"; };
		737FFF9B2BACC6BE003CBD33 /* es-419 */ = {isa = PBXFileReference; lastKnownFileType = text.plist.strings; name = "es-419"; path = "es-419.lproj/InfoPlist.strings"; sourceTree = "<group>"; };
		7382184F2767ECE500E726FE /* NavigationController+Extensions.swift */ = {isa = PBXFileReference; lastKnownFileType = sourcecode.swift; path = "NavigationController+Extensions.swift"; sourceTree = "<group>"; };
		73862C812AAD1894005D9D25 /* OnboardingViewController.swift */ = {isa = PBXFileReference; lastKnownFileType = sourcecode.swift; path = OnboardingViewController.swift; sourceTree = "<group>"; };
		73862C832AAD18BC005D9D25 /* Constants.swift */ = {isa = PBXFileReference; lastKnownFileType = sourcecode.swift; path = Constants.swift; sourceTree = "<group>"; };
		73862C852AAD19CA005D9D25 /* VaultViewController.swift */ = {isa = PBXFileReference; lastKnownFileType = sourcecode.swift; path = VaultViewController.swift; sourceTree = "<group>"; };
		73862C872AAD2CFA005D9D25 /* VideoCollectionCoordinator.swift */ = {isa = PBXFileReference; lastKnownFileType = sourcecode.swift; path = VideoCollectionCoordinator.swift; sourceTree = "<group>"; };
		73862C8E2AAD2DB9005D9D25 /* SettingsCoordinator.swift */ = {isa = PBXFileReference; fileEncoding = 4; lastKnownFileType = sourcecode.swift; path = SettingsCoordinator.swift; sourceTree = "<group>"; };
		738827C72B1509170051BEF4 /* InAppPurchaseManager.swift */ = {isa = PBXFileReference; lastKnownFileType = sourcecode.swift; path = InAppPurchaseManager.swift; sourceTree = "<group>"; };
		738B6AEE2AD8C54C00EA4B72 /* ScrollableTextViewController.swift */ = {isa = PBXFileReference; lastKnownFileType = sourcecode.swift; path = ScrollableTextViewController.swift; sourceTree = "<group>"; };
		738B6AF02AD8C57800EA4B72 /* OnboardingAddPhotosViewController.swift */ = {isa = PBXFileReference; lastKnownFileType = sourcecode.swift; path = OnboardingAddPhotosViewController.swift; sourceTree = "<group>"; };
		738B6AF22AD8C60200EA4B72 /* InsertRecoverEmailViewController.swift */ = {isa = PBXFileReference; lastKnownFileType = sourcecode.swift; path = InsertRecoverEmailViewController.swift; sourceTree = "<group>"; };
		738FB4BC2BADD49400595F60 /* ChangeNewCalcViewController2.swift */ = {isa = PBXFileReference; lastKnownFileType = sourcecode.swift; path = ChangeNewCalcViewController2.swift; sourceTree = "<group>"; };
		738FB4BD2BADD49500595F60 /* NewCalc2.storyboard */ = {isa = PBXFileReference; lastKnownFileType = file.storyboard; path = NewCalc2.storyboard; sourceTree = "<group>"; };
		73A8EFDD2C5AA49800601079 /* BackupHeaderView.swift */ = {isa = PBXFileReference; lastKnownFileType = sourcecode.swift; path = BackupHeaderView.swift; sourceTree = "<group>"; };
		73A8EFDF2C5ABE7200601079 /* BackupLoginView.swift */ = {isa = PBXFileReference; lastKnownFileType = sourcecode.swift; path = BackupLoginView.swift; sourceTree = "<group>"; };
		73A8EFE12C5ABE9800601079 /* BackupStatusView.swift */ = {isa = PBXFileReference; lastKnownFileType = sourcecode.swift; path = BackupStatusView.swift; sourceTree = "<group>"; };
		73A8EFE32C5ABEBB00601079 /* CustomLabelButtonView.swift */ = {isa = PBXFileReference; lastKnownFileType = sourcecode.swift; path = CustomLabelButtonView.swift; sourceTree = "<group>"; };
		73A8EFE52C5ACA3600601079 /* BackupProfileView.swift */ = {isa = PBXFileReference; lastKnownFileType = sourcecode.swift; path = BackupProfileView.swift; sourceTree = "<group>"; };
		73ABC0EE284F195B00E5C3A4 /* Purchase.storyboard */ = {isa = PBXFileReference; lastKnownFileType = file.storyboard; path = Purchase.storyboard; sourceTree = "<group>"; };
		73ABC0F0284F25CA00E5C3A4 /* es-419 */ = {isa = PBXFileReference; lastKnownFileType = text.plist.strings; name = "es-419"; path = "es-419.lproj/Main.strings"; sourceTree = "<group>"; };
		73ABC0F1284F25CA00E5C3A4 /* es-419 */ = {isa = PBXFileReference; lastKnownFileType = text.plist.strings; name = "es-419"; path = "es-419.lproj/LaunchScreen.strings"; sourceTree = "<group>"; };
		73ABC0F2284F25CB00E5C3A4 /* es-419 */ = {isa = PBXFileReference; lastKnownFileType = text.plist.strings; name = "es-419"; path = "es-419.lproj/Localizable.strings"; sourceTree = "<group>"; };
		73AF3C2D2C6515830011FE35 /* FirebaseImageService.swift */ = {isa = PBXFileReference; lastKnownFileType = sourcecode.swift; path = FirebaseImageService.swift; sourceTree = "<group>"; };
		73AF3C2F2C6515D30011FE35 /* FirebaseVideoService.swift */ = {isa = PBXFileReference; lastKnownFileType = sourcecode.swift; path = FirebaseVideoService.swift; sourceTree = "<group>"; };
		73AF3C312C65162A0011FE35 /* Data+Extension.swift */ = {isa = PBXFileReference; lastKnownFileType = sourcecode.swift; path = "Data+Extension.swift"; sourceTree = "<group>"; };
		73B053D12AA01A0100546566 /* PlaceholderView.swift */ = {isa = PBXFileReference; lastKnownFileType = sourcecode.swift; path = PlaceholderView.swift; sourceTree = "<group>"; };
		73B54D4B27B096E800499F66 /* CalculatorMode.storyboard */ = {isa = PBXFileReference; lastKnownFileType = file.storyboard; path = CalculatorMode.storyboard; sourceTree = "<group>"; };
		73B54D4D27B096F600499F66 /* BankMode.storyboard */ = {isa = PBXFileReference; lastKnownFileType = file.storyboard; path = BankMode.storyboard; sourceTree = "<group>"; };
		73B54D5927B0995600499F66 /* pt-BR */ = {isa = PBXFileReference; lastKnownFileType = text.plist.strings; name = "pt-BR"; path = "pt-BR.lproj/Main.strings"; sourceTree = "<group>"; };
		73B54D5A27B0995600499F66 /* pt-BR */ = {isa = PBXFileReference; lastKnownFileType = text.plist.strings; name = "pt-BR"; path = "pt-BR.lproj/LaunchScreen.strings"; sourceTree = "<group>"; };
		73B54D5E27B09A1B00499F66 /* pt-BR */ = {isa = PBXFileReference; lastKnownFileType = text.plist.strings; name = "pt-BR"; path = "pt-BR.lproj/Localizable.strings"; sourceTree = "<group>"; };
		73B54D6527B09D9800499F66 /* String+Localized.swift */ = {isa = PBXFileReference; lastKnownFileType = sourcecode.swift; path = "String+Localized.swift"; sourceTree = "<group>"; };
		73B54D6727B09DF100499F66 /* Text.swift */ = {isa = PBXFileReference; lastKnownFileType = sourcecode.swift; path = Text.swift; sourceTree = "<group>"; };
		73B54D6A27B09FDA00499F66 /* UILabel+extensions.swift */ = {isa = PBXFileReference; lastKnownFileType = sourcecode.swift; path = "UILabel+extensions.swift"; sourceTree = "<group>"; };
		73B54D6C27B0A89800499F66 /* UIButton+Extension.swift */ = {isa = PBXFileReference; lastKnownFileType = sourcecode.swift; path = "UIButton+Extension.swift"; sourceTree = "<group>"; };
		73B54D6E27B0AC7A00499F66 /* Alerts.swift */ = {isa = PBXFileReference; lastKnownFileType = sourcecode.swift; path = Alerts.swift; sourceTree = "<group>"; };
		73B54D7027B0AE1100499F66 /* UIImage+Extension.swift */ = {isa = PBXFileReference; lastKnownFileType = sourcecode.swift; path = "UIImage+Extension.swift"; sourceTree = "<group>"; };
		73B54D7227B0BE2600499F66 /* en */ = {isa = PBXFileReference; lastKnownFileType = text.plist.strings; name = en; path = en.lproj/Localizable.strings; sourceTree = "<group>"; };
		73B860582AC1FB330023441A /* OnboardingView.swift */ = {isa = PBXFileReference; lastKnownFileType = sourcecode.swift; path = OnboardingView.swift; sourceTree = "<group>"; };
		73BD064D2B0B229200205E4B /* VaultViewControllerNew.swift */ = {isa = PBXFileReference; lastKnownFileType = sourcecode.swift; path = VaultViewControllerNew.swift; sourceTree = "<group>"; };
		73C036092A992E0A004660F4 /* CollectionViewCoordinator.swift */ = {isa = PBXFileReference; lastKnownFileType = sourcecode.swift; path = CollectionViewCoordinator.swift; sourceTree = "<group>"; };
		73C2C5022A49CF8900963BA2 /* BaseCalculatorViewController.swift */ = {isa = PBXFileReference; fileEncoding = 4; lastKnownFileType = sourcecode.swift; path = BaseCalculatorViewController.swift; sourceTree = "<group>"; };
		73C2C5042A49D79B00963BA2 /* UIView+extension.swift */ = {isa = PBXFileReference; fileEncoding = 4; lastKnownFileType = sourcecode.swift; path = "UIView+extension.swift"; sourceTree = "<group>"; };
		73C2C5062A49D7AE00963BA2 /* TabBarController+Extensions.swift */ = {isa = PBXFileReference; fileEncoding = 4; lastKnownFileType = sourcecode.swift; path = "TabBarController+Extensions.swift"; sourceTree = "<group>"; };
		73C2C5082A49D7E700963BA2 /* swiftlint.yml */ = {isa = PBXFileReference; fileEncoding = 4; lastKnownFileType = text.yaml; path = swiftlint.yml; sourceTree = "<group>"; };
		73C2C50A2A49D84000963BA2 /* BasicCollectionViewController.swift */ = {isa = PBXFileReference; fileEncoding = 4; lastKnownFileType = sourcecode.swift; path = BasicCollectionViewController.swift; sourceTree = "<group>"; };
		73C563532A9BA9560043DC78 /* es-MX */ = {isa = PBXFileReference; lastKnownFileType = text.plist.strings; name = "es-MX"; path = "es-MX.lproj/Localizable.strings"; sourceTree = "<group>"; };
		73C563562A9CE8F80043DC78 /* tr */ = {isa = PBXFileReference; lastKnownFileType = text.plist.strings; name = tr; path = tr.lproj/Localizable.strings; sourceTree = "<group>"; };
		73C563572A9CE8FB0043DC78 /* es */ = {isa = PBXFileReference; lastKnownFileType = text.plist.strings; name = es; path = es.lproj/Localizable.strings; sourceTree = "<group>"; };
		73C563582A9CE8FC0043DC78 /* ru */ = {isa = PBXFileReference; lastKnownFileType = text.plist.strings; name = ru; path = ru.lproj/Localizable.strings; sourceTree = "<group>"; };
		73C563592A9CE8FE0043DC78 /* ko */ = {isa = PBXFileReference; lastKnownFileType = text.plist.strings; name = ko; path = ko.lproj/Localizable.strings; sourceTree = "<group>"; };
		73C5635A2A9CE8FE0043DC78 /* ja */ = {isa = PBXFileReference; lastKnownFileType = text.plist.strings; name = ja; path = ja.lproj/Localizable.strings; sourceTree = "<group>"; };
		73C5635B2A9CE8FF0043DC78 /* id */ = {isa = PBXFileReference; lastKnownFileType = text.plist.strings; name = id; path = id.lproj/Localizable.strings; sourceTree = "<group>"; };
		73C5635C2A9CE8FF0043DC78 /* hi-IN */ = {isa = PBXFileReference; lastKnownFileType = text.plist.strings; name = "hi-IN"; path = "hi-IN.lproj/Localizable.strings"; sourceTree = "<group>"; };
		73C5635D2A9CE9000043DC78 /* de */ = {isa = PBXFileReference; lastKnownFileType = text.plist.strings; name = de; path = de.lproj/Localizable.strings; sourceTree = "<group>"; };
		73C5635E2A9CE9010043DC78 /* fr */ = {isa = PBXFileReference; lastKnownFileType = text.plist.strings; name = fr; path = fr.lproj/Localizable.strings; sourceTree = "<group>"; };
		73C5635F2A9CE9010043DC78 /* zh-Hant */ = {isa = PBXFileReference; lastKnownFileType = text.plist.strings; name = "zh-Hant"; path = "zh-Hant.lproj/Localizable.strings"; sourceTree = "<group>"; };
		73C563602A9CE9020043DC78 /* zh-Hans */ = {isa = PBXFileReference; lastKnownFileType = text.plist.strings; name = "zh-Hans"; path = "zh-Hans.lproj/Localizable.strings"; sourceTree = "<group>"; };
		73C563612A9CE9030043DC78 /* ar */ = {isa = PBXFileReference; lastKnownFileType = text.plist.strings; name = ar; path = ar.lproj/Localizable.strings; sourceTree = "<group>"; };
		73CB3AE52C61AF6400743FF6 /* ar */ = {isa = PBXFileReference; lastKnownFileType = text.plist.strings; name = ar; path = ar.lproj/InfoPlist.strings; sourceTree = "<group>"; };
		73CB3AE62C61AF6D00743FF6 /* de */ = {isa = PBXFileReference; lastKnownFileType = text.plist.strings; name = de; path = de.lproj/InfoPlist.strings; sourceTree = "<group>"; };
		73CB3AE72C61AF6F00743FF6 /* fr */ = {isa = PBXFileReference; lastKnownFileType = text.plist.strings; name = fr; path = fr.lproj/InfoPlist.strings; sourceTree = "<group>"; };
		73CB3AE82C61AF7400743FF6 /* es */ = {isa = PBXFileReference; lastKnownFileType = text.plist.strings; name = es; path = es.lproj/InfoPlist.strings; sourceTree = "<group>"; };
		73CB3AE92C61B00C00743FF6 /* pt-PT */ = {isa = PBXFileReference; lastKnownFileType = text.plist.strings; name = "pt-PT"; path = "pt-PT.lproj/Main.strings"; sourceTree = "<group>"; };
		73CB3AEA2C61B00D00743FF6 /* pt-PT */ = {isa = PBXFileReference; lastKnownFileType = text.plist.strings; name = "pt-PT"; path = "pt-PT.lproj/LaunchScreen.strings"; sourceTree = "<group>"; };
		73CB3AEB2C61B00D00743FF6 /* pt-PT */ = {isa = PBXFileReference; lastKnownFileType = text.plist.strings; name = "pt-PT"; path = "pt-PT.lproj/Localizable.strings"; sourceTree = "<group>"; };
		73CB3AEC2C61B00E00743FF6 /* pt-PT */ = {isa = PBXFileReference; lastKnownFileType = text.plist.strings; name = "pt-PT"; path = "pt-PT.lproj/InfoPlist.strings"; sourceTree = "<group>"; };
		73CBF87C2B6F1DFB00F85B6E /* BaseNewCalcViewController.swift */ = {isa = PBXFileReference; lastKnownFileType = sourcecode.swift; path = BaseNewCalcViewController.swift; sourceTree = "<group>"; };
		73CBF87D2B6F1DFB00F85B6E /* NewCalc.storyboard */ = {isa = PBXFileReference; lastKnownFileType = file.storyboard; path = NewCalc.storyboard; sourceTree = "<group>"; };
		73CBF87E2B6F1DFC00F85B6E /* NewCalcViewController.swift */ = {isa = PBXFileReference; lastKnownFileType = sourcecode.swift; path = NewCalcViewController.swift; sourceTree = "<group>"; };
		73CBF87F2B6F1DFC00F85B6E /* ChangeNewCalcViewController.swift */ = {isa = PBXFileReference; lastKnownFileType = sourcecode.swift; path = ChangeNewCalcViewController.swift; sourceTree = "<group>"; };
		7CA30AE169359D48567BC5C9 /* Pods_Calculator_Notes.framework */ = {isa = PBXFileReference; explicitFileType = wrapper.framework; includeInIndex = 0; path = Pods_Calculator_Notes.framework; sourceTree = BUILT_PRODUCTS_DIR; };
		848490D21D68F5610043C60B /* MakeSchoolNotes.xcdatamodel */ = {isa = PBXFileReference; lastKnownFileType = wrapper.xcdatamodel; path = MakeSchoolNotes.xcdatamodel; sourceTree = "<group>"; };
		8CD7FDCE1854C6BD4A61E97A /* Pods-Calculator Notes.debug.xcconfig */ = {isa = PBXFileReference; includeInIndex = 1; lastKnownFileType = text.xcconfig; name = "Pods-Calculator Notes.debug.xcconfig"; path = "Target Support Files/Pods-Calculator Notes/Pods-Calculator Notes.debug.xcconfig"; sourceTree = "<group>"; };
		BA3244412A4B692C00A782CA /* BasicModels.swift */ = {isa = PBXFileReference; lastKnownFileType = sourcecode.swift; path = BasicModels.swift; sourceTree = "<group>"; };
		C4148D882440F45E00225706 /* CollectionViewCell.swift */ = {isa = PBXFileReference; fileEncoding = 4; lastKnownFileType = sourcecode.swift; path = CollectionViewCell.swift; sourceTree = "<group>"; };
		C41F8483249F271F0015F134 /* PasswordViewController.swift */ = {isa = PBXFileReference; lastKnownFileType = sourcecode.swift; path = PasswordViewController.swift; sourceTree = "<group>"; };
		C4507E0724A7C1FF00960972 /* VideoPlayer.storyboard */ = {isa = PBXFileReference; lastKnownFileType = file.storyboard; path = VideoPlayer.storyboard; sourceTree = "<group>"; };
		C467BCA924A9A08E0039D237 /* VideoCollectionViewController.swift */ = {isa = PBXFileReference; lastKnownFileType = sourcecode.swift; path = VideoCollectionViewController.swift; sourceTree = "<group>"; };
		C467BCC224A9B1880039D237 /* VideoModelController.swift */ = {isa = PBXFileReference; lastKnownFileType = sourcecode.swift; path = VideoModelController.swift; sourceTree = "<group>"; };
		C46AD0FE24416D8E00EF0236 /* CoreDataImageService.swift */ = {isa = PBXFileReference; lastKnownFileType = sourcecode.swift; path = CoreDataImageService.swift; sourceTree = "<group>"; };
		C46AD1002441708400EF0236 /* ModelController.swift */ = {isa = PBXFileReference; lastKnownFileType = sourcecode.swift; path = ModelController.swift; sourceTree = "<group>"; };
		C480A50124A770E500094FC8 /* PurchaseViewController.swift */ = {isa = PBXFileReference; fileEncoding = 4; lastKnownFileType = sourcecode.swift; path = PurchaseViewController.swift; sourceTree = "<group>"; };
		C480A50324A7746A00094FC8 /* Notes.storyboard */ = {isa = PBXFileReference; lastKnownFileType = file.storyboard; path = Notes.storyboard; sourceTree = "<group>"; };
		C480A50524A7752F00094FC8 /* Gallery.storyboard */ = {isa = PBXFileReference; lastKnownFileType = file.storyboard; path = Gallery.storyboard; sourceTree = "<group>"; };
		C480A50724A7757600094FC8 /* Settings.storyboard */ = {isa = PBXFileReference; lastKnownFileType = file.storyboard; path = Settings.storyboard; sourceTree = "<group>"; };
		C48108E324A559AA003E2FA5 /* SettingsViewController.swift */ = {isa = PBXFileReference; lastKnownFileType = sourcecode.swift; path = SettingsViewController.swift; sourceTree = "<group>"; };
		C48108E624A5753B003E2FA5 /* ChangePasswordViewController.swift */ = {isa = PBXFileReference; lastKnownFileType = sourcecode.swift; path = ChangePasswordViewController.swift; sourceTree = "<group>"; };
		C48108E824A57552003E2FA5 /* ChangeCalculatorViewController.swift */ = {isa = PBXFileReference; lastKnownFileType = sourcecode.swift; path = ChangeCalculatorViewController.swift; sourceTree = "<group>"; };
		C48DC9D22CDD1BA9008C9E16 /* TutorialView.swift */ = {isa = PBXFileReference; lastKnownFileType = sourcecode.swift; path = TutorialView.swift; sourceTree = "<group>"; };
		C49B73B42CB9D7970097E37E /* FakeHomeFactory.swift */ = {isa = PBXFileReference; lastKnownFileType = sourcecode.swift; path = FakeHomeFactory.swift; sourceTree = "<group>"; };
		C49B73B62CB9D7970097E37E /* FakeHomeViewController.swift */ = {isa = PBXFileReference; lastKnownFileType = sourcecode.swift; path = FakeHomeViewController.swift; sourceTree = "<group>"; };
		C4A819EC24A6C111005023C6 /* IAPHelper.swift */ = {isa = PBXFileReference; fileEncoding = 4; lastKnownFileType = sourcecode.swift; path = IAPHelper.swift; sourceTree = "<group>"; };
		C4A819EF24A6C113005023C6 /* RazeFaceProducts.swift */ = {isa = PBXFileReference; fileEncoding = 4; lastKnownFileType = sourcecode.swift; path = RazeFaceProducts.swift; sourceTree = "<group>"; };
		C4B183CC2CCFCD2F00BE0272 /* FirebasePhotoSharingService.swift */ = {isa = PBXFileReference; lastKnownFileType = sourcecode.swift; path = FirebasePhotoSharingService.swift; sourceTree = "<group>"; };
		C4B75EF42CDC000D005BEBD4 /* SharedFolderSettings.swift */ = {isa = PBXFileReference; lastKnownFileType = sourcecode.swift; path = SharedFolderSettings.swift; sourceTree = "<group>"; };
		C4BEBDEC2CD8FE2D001B15B4 /* CollectionViewController.swift */ = {isa = PBXFileReference; lastKnownFileType = sourcecode.swift; path = CollectionViewController.swift; sourceTree = "<group>"; };
		C4C079CA2698CFBC0020FC69 /* UserDefaultService.swift */ = {isa = PBXFileReference; lastKnownFileType = sourcecode.swift; path = UserDefaultService.swift; sourceTree = "<group>"; };
		C4CA01522CB80A8A007C4EB9 /* SafariWrapperViewController.swift */ = {isa = PBXFileReference; lastKnownFileType = sourcecode.swift; path = SafariWrapperViewController.swift; sourceTree = "<group>"; };
		C4CA01542CB82593007C4EB9 /* IconContentView.swift */ = {isa = PBXFileReference; lastKnownFileType = sourcecode.swift; path = IconContentView.swift; sourceTree = "<group>"; };
		C4D5123A2CDD013800238037 /* SecretLinkCell.swift */ = {isa = PBXFileReference; lastKnownFileType = sourcecode.swift; path = SecretLinkCell.swift; sourceTree = "<group>"; };
		C4D6CAD02CBF3B5C001AD628 /* PhotoViewController.swift */ = {isa = PBXFileReference; lastKnownFileType = sourcecode.swift; path = PhotoViewController.swift; sourceTree = "<group>"; };
		C4FFA33A243E898E008A41FA /* CalculatorViewController.swift */ = {isa = PBXFileReference; lastKnownFileType = sourcecode.swift; path = CalculatorViewController.swift; sourceTree = "<group>"; };
		C60906FB2C18D2D20066D337 /* UIView+Designable.swift */ = {isa = PBXFileReference; fileEncoding = 4; lastKnownFileType = sourcecode.swift; path = "UIView+Designable.swift"; sourceTree = "<group>"; };
		C60907012C18D45A0066D337 /* AuthManager.swift */ = {isa = PBXFileReference; lastKnownFileType = sourcecode.swift; path = AuthManager.swift; sourceTree = "<group>"; };
		D703A42A2C2B7B06005320CC /* GoogleService-Info.plist */ = {isa = PBXFileReference; fileEncoding = 4; lastKnownFileType = text.plist.xml; path = "GoogleService-Info.plist"; sourceTree = "<group>"; };
		D7B44A932C366030001255FA /* FirebaseBackupService.swift */ = {isa = PBXFileReference; lastKnownFileType = sourcecode.swift; path = FirebaseBackupService.swift; sourceTree = "<group>"; };
/* End PBXFileReference section */

/* Begin PBXFrameworksBuildPhase section */
		2E4A078D1C42F3B0007F415F /* Frameworks */ = {
			isa = PBXFrameworksBuildPhase;
			buildActionMask = 2147483647;
			files = (
				7F4916C5D805B52E511B2B44 /* Pods_Calculator_Notes.framework in Frameworks */,
			);
			runOnlyForDeploymentPostprocessing = 0;
		};
/* End PBXFrameworksBuildPhase section */

/* Begin PBXGroup section */
		2E4A07871C42F3B0007F415F = {
			isa = PBXGroup;
			children = (
				2E4A07921C42F3B0007F415F /* Calculator Notes */,
				2E4A07911C42F3B0007F415F /* Products */,
				5FB3F66AA083A2925A79BEE2 /* Pods */,
				B7894A0A27D70DB79A9C1178 /* Frameworks */,
			);
			sourceTree = "<group>";
		};
		2E4A07911C42F3B0007F415F /* Products */ = {
			isa = PBXGroup;
			children = (
				2E4A07901C42F3B0007F415F /* Calculator Notes.app */,
			);
			name = Products;
			sourceTree = "<group>";
		};
		2E4A07921C42F3B0007F415F /* Calculator Notes */ = {
			isa = PBXGroup;
			children = (
				D703A42A2C2B7B06005320CC /* GoogleService-Info.plist */,
				733E42EB2A61D5CE000FBEED /* Calculator Notes.entitlements */,
				2E4A07931C42F3B0007F415F /* AppDelegate.swift */,
				73B54D6427B09CE000499F66 /* LocalizableString */,
				C4C079C82698CF8D0020FC69 /* Services */,
				C4A819EA24A6C0FB005023C6 /* Purchase */,
				2E4A07AD1C42F4EB007F415F /* Extensions */,
				73B54D5027B0979B00499F66 /* Scenes */,
				848490D11D68F5610043C60B /* MakeSchoolNotes.xcdatamodeld */,
				2E4A079A1C42F3B0007F415F /* Assets.xcassets */,
				2E4A079C1C42F3B0007F415F /* LaunchScreen.storyboard */,
				2E4A079F1C42F3B0007F415F /* Info.plist */,
				737FFF982BACC63E003CBD33 /* InfoPlist.strings */,
				337061FB27921AA100B1D30D /* Configuration.storekit */,
				337E0227279244A00081AA27 /* StoreKitTestCertificate.cer */,
				73C2C5082A49D7E700963BA2 /* swiftlint.yml */,
			);
			path = "Calculator Notes";
			sourceTree = "<group>";
		};
		2E4A07AC1C42F4EB007F415F /* Helpers */ = {
			isa = PBXGroup;
			children = (
				07795D641F06ADCC0018466E /* CoreDataHelper.swift */,
			);
			path = Helpers;
			sourceTree = "<group>";
		};
		2E4A07AD1C42F4EB007F415F /* Extensions */ = {
			isa = PBXGroup;
			children = (
				C60906FB2C18D2D20066D337 /* UIView+Designable.swift */,
				2E4A07AE1C42F539007F415F /* Date+convertToString.swift */,
				7382184F2767ECE500E726FE /* NavigationController+Extensions.swift */,
				73B54D6527B09D9800499F66 /* String+Localized.swift */,
				73B54D6A27B09FDA00499F66 /* UILabel+extensions.swift */,
				736BDAD02A979BC100851BEF /* LoadingAlert.swift */,
				73B54D6E27B0AC7A00499F66 /* Alerts.swift */,
				73B54D6C27B0A89800499F66 /* UIButton+Extension.swift */,
				73B54D7027B0AE1100499F66 /* UIImage+Extension.swift */,
				73C2C5042A49D79B00963BA2 /* UIView+extension.swift */,
				73C2C5062A49D7AE00963BA2 /* TabBarController+Extensions.swift */,
				73AF3C312C65162A0011FE35 /* Data+Extension.swift */,
			);
			path = Extensions;
			sourceTree = "<group>";
		};
		5FB3F66AA083A2925A79BEE2 /* Pods */ = {
			isa = PBXGroup;
			children = (
				8CD7FDCE1854C6BD4A61E97A /* Pods-Calculator Notes.debug.xcconfig */,
				1075548349A77F8CBAA3FF01 /* Pods-Calculator Notes.release.xcconfig */,
			);
			path = Pods;
			sourceTree = "<group>";
		};
		730438742A344585001EF25B /* CollectionsController */ = {
			isa = PBXGroup;
			children = (
				BA3244402A4B690A00A782CA /* Models */,
				731436452A48D6BC00B9842E /* Services */,
				7396A17A293AB2D1006D6ED4 /* UI */,
				73B54D5427B097C200499F66 /* Gallery */,
				73B54D5527B097C900499F66 /* Video */,
			);
			path = CollectionsController;
			sourceTree = "<group>";
		};
		730B2EB32C593F800016FD9E /* cloud */ = {
			isa = PBXGroup;
			children = (
				730B2EB82C593FD40016FD9E /* BackupUpdateManager.swift */,
				D7B44A932C366030001255FA /* FirebaseBackupService.swift */,
				73AF3C2D2C6515830011FE35 /* FirebaseImageService.swift */,
				73AF3C2F2C6515D30011FE35 /* FirebaseVideoService.swift */,
				C4B183CC2CCFCD2F00BE0272 /* FirebasePhotoSharingService.swift */,
			);
			path = cloud;
			sourceTree = "<group>";
		};
		731436452A48D6BC00B9842E /* Services */ = {
			isa = PBXGroup;
			children = (
				730B2EB32C593F800016FD9E /* cloud */,
				73741B082A880A760067B269 /* local */,
				73741B072A880A5E0067B269 /* ads */,
			);
			path = Services;
			sourceTree = "<group>";
		};
		73632E062AB4E7C9004AC14A /* Backup */ = {
			isa = PBXGroup;
			children = (
				73A8EFDC2C5A9B3500601079 /* Views */,
				736BDAD22A979D7100851BEF /* BackupModalViewController.swift */,
			);
			path = Backup;
			sourceTree = "<group>";
		};
		73741B072A880A5E0067B269 /* ads */ = {
			isa = PBXGroup;
			children = (
				730438642A315B17001EF25B /* AdsService.swift */,
				730438702A341519001EF25B /* AdsHandler.swift */,
			);
			path = ads;
			sourceTree = "<group>";
		};
		73741B082A880A760067B269 /* local */ = {
			isa = PBXGroup;
			children = (
				C46AD0FE24416D8E00EF0236 /* CoreDataImageService.swift */,
				730438622A315B02001EF25B /* FoldersService.swift */,
				C467BCC224A9B1880039D237 /* VideoModelController.swift */,
				C46AD1002441708400EF0236 /* ModelController.swift */,
			);
			path = local;
			sourceTree = "<group>";
		};
		737D66A12AB0AA7E00806C98 /* Protections */ = {
			isa = PBXGroup;
			children = (
				C4FD6C1D2CB9C570006F27EF /* fakepin */,
				738FB4BB2BADD46C00595F60 /* NewCalc2 */,
				737D66A22AB0AB0A00806C98 /* Vault */,
				73B54D5227B097B400499F66 /* BankMode */,
				73CBF87B2B6F1DFA00F85B6E /* NewCalc */,
				73B54D5127B097A900499F66 /* CalculatorMode */,
			);
			path = Protections;
			sourceTree = "<group>";
		};
		737D66A22AB0AB0A00806C98 /* Vault */ = {
			isa = PBXGroup;
			children = (
				73862C852AAD19CA005D9D25 /* VaultViewController.swift */,
				73BD064D2B0B229200205E4B /* VaultViewControllerNew.swift */,
				737D66A52AB0AB9F00806C98 /* FaceIDManager.swift */,
				737D66A32AB0AB3100806C98 /* RoundedShadowView.swift */,
			);
			path = Vault;
			sourceTree = "<group>";
		};
		738827C62B1509000051BEF4 /* Assinatura */ = {
			isa = PBXGroup;
			children = (
				738827C72B1509170051BEF4 /* InAppPurchaseManager.swift */,
			);
			path = Assinatura;
			sourceTree = "<group>";
		};
		738FB4BB2BADD46C00595F60 /* NewCalc2 */ = {
			isa = PBXGroup;
			children = (
				738FB4BC2BADD49400595F60 /* ChangeNewCalcViewController2.swift */,
				738FB4BD2BADD49500595F60 /* NewCalc2.storyboard */,
			);
			path = NewCalc2;
			sourceTree = "<group>";
		};
		7396A17A293AB2D1006D6ED4 /* UI */ = {
			isa = PBXGroup;
			children = (
				73C2C50A2A49D84000963BA2 /* BasicCollectionViewController.swift */,
				730438752A3445EF001EF25B /* FlowLayout.swift */,
				731436432A48D6B000B9842E /* FooterView.swift */,
				C4148D882440F45E00225706 /* CollectionViewCell.swift */,
				730438792A34467B001EF25B /* FolderCollectionViewCell.swift */,
				7304387B2A344692001EF25B /* EditLeftBarButtonItem.swift */,
				7304387D2A3446A4001EF25B /* AdditionsRightBarButtonItem.swift */,
				73B053D12AA01A0100546566 /* PlaceholderView.swift */,
			);
			path = UI;
			sourceTree = "<group>";
		};
		73A8EFDC2C5A9B3500601079 /* Views */ = {
			isa = PBXGroup;
			children = (
				73A8EFDD2C5AA49800601079 /* BackupHeaderView.swift */,
				73A8EFDF2C5ABE7200601079 /* BackupLoginView.swift */,
				73A8EFE12C5ABE9800601079 /* BackupStatusView.swift */,
				73A8EFE32C5ABEBB00601079 /* CustomLabelButtonView.swift */,
				73A8EFE52C5ACA3600601079 /* BackupProfileView.swift */,
			);
			path = Views;
			sourceTree = "<group>";
		};
		73ABC0ED284F187F00E5C3A4 /* Purchase */ = {
			isa = PBXGroup;
			children = (
				738827C62B1509000051BEF4 /* Assinatura */,
				C480A50124A770E500094FC8 /* PurchaseViewController.swift */,
				7342CA342ABB95DB004FD07C /* DiamondView.swift */,
				7342CA362ABBC0BC004FD07C /* PurchaseBenetList.swift */,
				7342CA382ABBC0DA004FD07C /* PurchaseHeaderView.swift */,
				73ABC0EE284F195B00E5C3A4 /* Purchase.storyboard */,
			);
			path = Purchase;
			sourceTree = "<group>";
		};
		73B54D5027B0979B00499F66 /* Scenes */ = {
			isa = PBXGroup;
			children = (
				C4D6CACF2CBF3ACF001AD628 /* SharedFolders */,
				C60906F62C18CEB60066D337 /* Auth */,
				73B860572AC1D5560023441A /* Onboarding */,
				730438742A344585001EF25B /* CollectionsController */,
				73ABC0ED284F187F00E5C3A4 /* Purchase */,
				73B54D5727B097F200499F66 /* Main */,
				73632E062AB4E7C9004AC14A /* Backup */,
				73B54D5627B097D300499F66 /* Settings */,
				73B54D5327B097BD00499F66 /* Notes */,
				737D66A12AB0AA7E00806C98 /* Protections */,
			);
			path = Scenes;
			sourceTree = "<group>";
		};
		73B54D5127B097A900499F66 /* CalculatorMode */ = {
			isa = PBXGroup;
			children = (
				C4FFA33A243E898E008A41FA /* CalculatorViewController.swift */,
				C48108E824A57552003E2FA5 /* ChangeCalculatorViewController.swift */,
				73C2C5022A49CF8900963BA2 /* BaseCalculatorViewController.swift */,
				73B54D4B27B096E800499F66 /* CalculatorMode.storyboard */,
			);
			path = CalculatorMode;
			sourceTree = "<group>";
		};
		73B54D5227B097B400499F66 /* BankMode */ = {
			isa = PBXGroup;
			children = (
				C41F8483249F271F0015F134 /* PasswordViewController.swift */,
				C48108E624A5753B003E2FA5 /* ChangePasswordViewController.swift */,
				73B54D4D27B096F600499F66 /* BankMode.storyboard */,
			);
			path = BankMode;
			sourceTree = "<group>";
		};
		73B54D5327B097BD00499F66 /* Notes */ = {
			isa = PBXGroup;
			children = (
				2E4A07AC1C42F4EB007F415F /* Helpers */,
				2E4A07A81C42F40B007F415F /* ListNotesTableViewController.swift */,
				2E4A07AA1C42F497007F415F /* DisplayNoteViewController.swift */,
				2E4A07B01C42F599007F415F /* ListNotesTableViewCell.swift */,
				C480A50324A7746A00094FC8 /* Notes.storyboard */,
			);
			path = Notes;
			sourceTree = "<group>";
		};
		73B54D5427B097C200499F66 /* Gallery */ = {
			isa = PBXGroup;
			children = (
				73C036092A992E0A004660F4 /* CollectionViewCoordinator.swift */,
				C4BEBDEC2CD8FE2D001B15B4 /* CollectionViewController.swift */,
				C480A50524A7752F00094FC8 /* Gallery.storyboard */,
			);
			path = Gallery;
			sourceTree = "<group>";
		};
		73B54D5527B097C900499F66 /* Video */ = {
			isa = PBXGroup;
			children = (
				C4507E0724A7C1FF00960972 /* VideoPlayer.storyboard */,
				C467BCA924A9A08E0039D237 /* VideoCollectionViewController.swift */,
				73862C872AAD2CFA005D9D25 /* VideoCollectionCoordinator.swift */,
			);
			path = Video;
			sourceTree = "<group>";
		};
		73B54D5627B097D300499F66 /* Settings */ = {
			isa = PBXGroup;
			children = (
				73862C8E2AAD2DB9005D9D25 /* SettingsCoordinator.swift */,
				C48108E324A559AA003E2FA5 /* SettingsViewController.swift */,
				C4CA01542CB82593007C4EB9 /* IconContentView.swift */,
				C4CA01522CB80A8A007C4EB9 /* SafariWrapperViewController.swift */,
				C480A50724A7757600094FC8 /* Settings.storyboard */,
			);
			path = Settings;
			sourceTree = "<group>";
		};
		73B54D5727B097F200499F66 /* Main */ = {
			isa = PBXGroup;
			children = (
				2E4A07971C42F3B0007F415F /* Main.storyboard */,
			);
			path = Main;
			sourceTree = "<group>";
		};
		73B54D6427B09CE000499F66 /* LocalizableString */ = {
			isa = PBXGroup;
			children = (
				73B54D5F27B09A1B00499F66 /* Localizable.strings */,
				73B54D6727B09DF100499F66 /* Text.swift */,
			);
			path = LocalizableString;
			sourceTree = "<group>";
		};
		73B860572AC1D5560023441A /* Onboarding */ = {
			isa = PBXGroup;
			children = (
				73862C812AAD1894005D9D25 /* OnboardingViewController.swift */,
				738B6AF02AD8C57800EA4B72 /* OnboardingAddPhotosViewController.swift */,
				738B6AEE2AD8C54C00EA4B72 /* ScrollableTextViewController.swift */,
				737530CE2B60CE6A000B23E3 /* UseTermsViewController.swift */,
				738B6AF22AD8C60200EA4B72 /* InsertRecoverEmailViewController.swift */,
				73B860582AC1FB330023441A /* OnboardingView.swift */,
			);
			path = Onboarding;
			sourceTree = "<group>";
		};
		73CBF87B2B6F1DFA00F85B6E /* NewCalc */ = {
			isa = PBXGroup;
			children = (
				73CBF87E2B6F1DFC00F85B6E /* NewCalcViewController.swift */,
				73CBF87F2B6F1DFC00F85B6E /* ChangeNewCalcViewController.swift */,
				73CBF87C2B6F1DFB00F85B6E /* BaseNewCalcViewController.swift */,
				73CBF87D2B6F1DFB00F85B6E /* NewCalc.storyboard */,
			);
			name = NewCalc;
			path = CalculatorMode/NewCalc;
			sourceTree = "<group>";
		};
		B7894A0A27D70DB79A9C1178 /* Frameworks */ = {
			isa = PBXGroup;
			children = (
				7CA30AE169359D48567BC5C9 /* Pods_Calculator_Notes.framework */,
			);
			name = Frameworks;
			sourceTree = "<group>";
		};
		BA3244402A4B690A00A782CA /* Models */ = {
			isa = PBXGroup;
			children = (
				BA3244412A4B692C00A782CA /* BasicModels.swift */,
			);
			path = Models;
			sourceTree = "<group>";
		};
		C4A819EA24A6C0FB005023C6 /* Purchase */ = {
			isa = PBXGroup;
			children = (
				C4A819EC24A6C111005023C6 /* IAPHelper.swift */,
				C4A819EF24A6C113005023C6 /* RazeFaceProducts.swift */,
			);
			path = Purchase;
			sourceTree = "<group>";
		};
		C4C079C82698CF8D0020FC69 /* Services */ = {
			isa = PBXGroup;
			children = (
				C4C079CA2698CFBC0020FC69 /* UserDefaultService.swift */,
				73862C832AAD18BC005D9D25 /* Constants.swift */,
			);
			path = Services;
			sourceTree = "<group>";
		};
		C4D512392CDD009800238037 /* SharedFolderSettings */ = {
			isa = PBXGroup;
			children = (
				C4B75EF42CDC000D005BEBD4 /* SharedFolderSettings.swift */,
				C4D5123A2CDD013800238037 /* SecretLinkCell.swift */,
				C48DC9D22CDD1BA9008C9E16 /* TutorialView.swift */,
			);
			path = SharedFolderSettings;
			sourceTree = "<group>";
		};
		C4D6CACF2CBF3ACF001AD628 /* SharedFolders */ = {
			isa = PBXGroup;
			children = (
				C4D6CAD02CBF3B5C001AD628 /* PhotoViewController.swift */,
				C4D512392CDD009800238037 /* SharedFolderSettings */,
			);
			path = SharedFolders;
			sourceTree = "<group>";
		};
		C4FD6C1D2CB9C570006F27EF /* fakepin */ = {
			isa = PBXGroup;
			children = (
				C49B73B42CB9D7970097E37E /* FakeHomeFactory.swift */,
				C49B73B62CB9D7970097E37E /* FakeHomeViewController.swift */,
			);
			path = fakepin;
			sourceTree = "<group>";
		};
		C60906F62C18CEB60066D337 /* Auth */ = {
			isa = PBXGroup;
			children = (
				C60907012C18D45A0066D337 /* AuthManager.swift */,
			);
			path = Auth;
			sourceTree = "<group>";
		};
/* End PBXGroup section */

/* Begin PBXNativeTarget section */
		2E4A078F1C42F3B0007F415F /* Calculator Notes */ = {
			isa = PBXNativeTarget;
			buildConfigurationList = 2E4A07A21C42F3B0007F415F /* Build configuration list for PBXNativeTarget "Calculator Notes" */;
			buildPhases = (
				24D1AB5BEC7D5859717B51E7 /* [CP] Check Pods Manifest.lock */,
				2E4A078C1C42F3B0007F415F /* Sources */,
				2E4A078D1C42F3B0007F415F /* Frameworks */,
				2E4A078E1C42F3B0007F415F /* Resources */,
				2E4A07BB1C42F8B5007F415F /* Embed Frameworks */,
				BBBEDDAD3CE154EBDEF363BE /* [CP] Embed Pods Frameworks */,
			);
			buildRules = (
			);
			dependencies = (
			);
			name = "Calculator Notes";
			productName = MakeSchoolNotes;
			productReference = 2E4A07901C42F3B0007F415F /* Calculator Notes.app */;
			productType = "com.apple.product-type.application";
		};
/* End PBXNativeTarget section */

/* Begin PBXProject section */
		2E4A07881C42F3B0007F415F /* Project object */ = {
			isa = PBXProject;
			attributes = {
				LastSwiftUpdateCheck = 0720;
				LastUpgradeCheck = 1300;
				ORGANIZATIONNAME = MakeSchool;
				TargetAttributes = {
					2E4A078F1C42F3B0007F415F = {
						CreatedOnToolsVersion = 7.2;
						LastSwiftMigration = 0800;
					};
				};
			};
			buildConfigurationList = 2E4A078B1C42F3B0007F415F /* Build configuration list for PBXProject "Calculator Notes" */;
			compatibilityVersion = "Xcode 3.2";
			developmentRegion = en;
			hasScannedForEncodings = 0;
			knownRegions = (
				Base,
				"pt-BR",
				en,
				"es-419",
				de,
				ar,
				"zh-Hans",
				ja,
				es,
				ko,
				"zh-Hant",
				"hi-IN",
				tr,
				"es-MX",
				ru,
				fr,
				id,
				"pt-PT",
			);
			mainGroup = 2E4A07871C42F3B0007F415F;
			packageReferences = (
				7307862D2AA18293003B7D9D /* XCRemoteSwiftPackageReference "firebase-ios-sdk" */,
			);
			productRefGroup = 2E4A07911C42F3B0007F415F /* Products */;
			projectDirPath = "";
			projectRoot = "";
			targets = (
				2E4A078F1C42F3B0007F415F /* Calculator Notes */,
			);
		};
/* End PBXProject section */

/* Begin PBXResourcesBuildPhase section */
		2E4A078E1C42F3B0007F415F /* Resources */ = {
			isa = PBXResourcesBuildPhase;
			buildActionMask = 2147483647;
			files = (
				C480A50424A7746B00094FC8 /* Notes.storyboard in Resources */,
				73C2C5092A49D7E700963BA2 /* swiftlint.yml in Resources */,
				73B54D5D27B09A1B00499F66 /* Localizable.strings in Resources */,
				73B54D4E27B096F600499F66 /* BankMode.storyboard in Resources */,
				C480A50624A7752F00094FC8 /* Gallery.storyboard in Resources */,
				737FFF962BACC63E003CBD33 /* InfoPlist.strings in Resources */,
				2E4A079E1C42F3B0007F415F /* LaunchScreen.storyboard in Resources */,
				73CBF8802B6F244500F85B6E /* NewCalc.storyboard in Resources */,
				C480A50824A7757600094FC8 /* Settings.storyboard in Resources */,
				738FB4BE2BADD4C400595F60 /* NewCalc2.storyboard in Resources */,
				337E0228279244A00081AA27 /* StoreKitTestCertificate.cer in Resources */,
				D703A42B2C2B7B06005320CC /* GoogleService-Info.plist in Resources */,
				73ABC0EF284F195B00E5C3A4 /* Purchase.storyboard in Resources */,
				C4507E0824A7C1FF00960972 /* VideoPlayer.storyboard in Resources */,
				73B54D4C27B096E800499F66 /* CalculatorMode.storyboard in Resources */,
				2E4A079B1C42F3B0007F415F /* Assets.xcassets in Resources */,
				2E4A07991C42F3B0007F415F /* Main.storyboard in Resources */,
			);
			runOnlyForDeploymentPostprocessing = 0;
		};
/* End PBXResourcesBuildPhase section */

/* Begin PBXShellScriptBuildPhase section */
		24D1AB5BEC7D5859717B51E7 /* [CP] Check Pods Manifest.lock */ = {
			isa = PBXShellScriptBuildPhase;
			buildActionMask = 2147483647;
			files = (
			);
			inputFileListPaths = (
			);
			inputPaths = (
				"${PODS_PODFILE_DIR_PATH}/Podfile.lock",
				"${PODS_ROOT}/Manifest.lock",
			);
			name = "[CP] Check Pods Manifest.lock";
			outputFileListPaths = (
			);
			outputPaths = (
				"$(DERIVED_FILE_DIR)/Pods-Calculator Notes-checkManifestLockResult.txt",
			);
			runOnlyForDeploymentPostprocessing = 0;
			shellPath = /bin/sh;
			shellScript = "diff \"${PODS_PODFILE_DIR_PATH}/Podfile.lock\" \"${PODS_ROOT}/Manifest.lock\" > /dev/null\nif [ $? != 0 ] ; then\n    # print error to STDERR\n    echo \"error: The sandbox is not in sync with the Podfile.lock. Run 'pod install' or update your CocoaPods installation.\" >&2\n    exit 1\nfi\n# This output is used by Xcode 'outputs' to avoid re-running this script phase.\necho \"SUCCESS\" > \"${SCRIPT_OUTPUT_FILE_0}\"\n";
			showEnvVarsInLog = 0;
		};
		BBBEDDAD3CE154EBDEF363BE /* [CP] Embed Pods Frameworks */ = {
			isa = PBXShellScriptBuildPhase;
			buildActionMask = 2147483647;
			files = (
			);
			inputPaths = (
				"${PODS_ROOT}/Target Support Files/Pods-Calculator Notes/Pods-Calculator Notes-frameworks.sh",
				"${BUILT_PRODUCTS_DIR}/AppAuth/AppAuth.framework",
				"${BUILT_PRODUCTS_DIR}/AssetsPickerViewController/AssetsPickerViewController.framework",
				"${BUILT_PRODUCTS_DIR}/BoringSSL-GRPC/openssl_grpc.framework",
				"${BUILT_PRODUCTS_DIR}/DTPhotoViewerController/DTPhotoViewerController.framework",
				"${BUILT_PRODUCTS_DIR}/FirebaseAppCheckInterop/FirebaseAppCheckInterop.framework",
				"${BUILT_PRODUCTS_DIR}/FirebaseAuth/FirebaseAuth.framework",
				"${BUILT_PRODUCTS_DIR}/FirebaseAuthInterop/FirebaseAuthInterop.framework",
				"${BUILT_PRODUCTS_DIR}/FirebaseCore/FirebaseCore.framework",
				"${BUILT_PRODUCTS_DIR}/FirebaseCoreExtension/FirebaseCoreExtension.framework",
				"${BUILT_PRODUCTS_DIR}/FirebaseCoreInternal/FirebaseCoreInternal.framework",
				"${BUILT_PRODUCTS_DIR}/FirebaseFirestore/FirebaseFirestore.framework",
				"${BUILT_PRODUCTS_DIR}/FirebaseFirestoreInternal/FirebaseFirestoreInternal.framework",
				"${BUILT_PRODUCTS_DIR}/FirebaseSharedSwift/FirebaseSharedSwift.framework",
				"${BUILT_PRODUCTS_DIR}/FirebaseStorage/FirebaseStorage.framework",
				"${BUILT_PRODUCTS_DIR}/GTMAppAuth/GTMAppAuth.framework",
				"${BUILT_PRODUCTS_DIR}/GTMSessionFetcher/GTMSessionFetcher.framework",
				"${BUILT_PRODUCTS_DIR}/GoogleSignIn/GoogleSignIn.framework",
				"${BUILT_PRODUCTS_DIR}/GoogleUtilities/GoogleUtilities.framework",
				"${BUILT_PRODUCTS_DIR}/ImageViewer/ImageViewer.framework",
				"${BUILT_PRODUCTS_DIR}/NYTPhotoViewer/NYTPhotoViewer.framework",
				"${BUILT_PRODUCTS_DIR}/PINCache/PINCache.framework",
				"${BUILT_PRODUCTS_DIR}/PINOperation/PINOperation.framework",
				"${BUILT_PRODUCTS_DIR}/PINRemoteImage/PINRemoteImage.framework",
				"${BUILT_PRODUCTS_DIR}/PromisesObjC/FBLPromises.framework",
				"${BUILT_PRODUCTS_DIR}/RecaptchaInterop/RecaptchaInterop.framework",
				"${BUILT_PRODUCTS_DIR}/SnapKit/SnapKit.framework",
				"${BUILT_PRODUCTS_DIR}/VegaScrollFlowLayout/VegaScrollFlowLayout.framework",
				"${BUILT_PRODUCTS_DIR}/WLEmptyState/WLEmptyState.framework",
				"${BUILT_PRODUCTS_DIR}/abseil/absl.framework",
				"${BUILT_PRODUCTS_DIR}/gRPC-C++/grpcpp.framework",
				"${BUILT_PRODUCTS_DIR}/gRPC-Core/grpc.framework",
				"${BUILT_PRODUCTS_DIR}/leveldb-library/leveldb.framework",
				"${BUILT_PRODUCTS_DIR}/nanopb/nanopb.framework",
			);
			name = "[CP] Embed Pods Frameworks";
			outputPaths = (
				"${TARGET_BUILD_DIR}/${FRAMEWORKS_FOLDER_PATH}/AppAuth.framework",
				"${TARGET_BUILD_DIR}/${FRAMEWORKS_FOLDER_PATH}/AssetsPickerViewController.framework",
				"${TARGET_BUILD_DIR}/${FRAMEWORKS_FOLDER_PATH}/openssl_grpc.framework",
				"${TARGET_BUILD_DIR}/${FRAMEWORKS_FOLDER_PATH}/DTPhotoViewerController.framework",
				"${TARGET_BUILD_DIR}/${FRAMEWORKS_FOLDER_PATH}/FirebaseAppCheckInterop.framework",
				"${TARGET_BUILD_DIR}/${FRAMEWORKS_FOLDER_PATH}/FirebaseAuth.framework",
				"${TARGET_BUILD_DIR}/${FRAMEWORKS_FOLDER_PATH}/FirebaseAuthInterop.framework",
				"${TARGET_BUILD_DIR}/${FRAMEWORKS_FOLDER_PATH}/FirebaseCore.framework",
				"${TARGET_BUILD_DIR}/${FRAMEWORKS_FOLDER_PATH}/FirebaseCoreExtension.framework",
				"${TARGET_BUILD_DIR}/${FRAMEWORKS_FOLDER_PATH}/FirebaseCoreInternal.framework",
				"${TARGET_BUILD_DIR}/${FRAMEWORKS_FOLDER_PATH}/FirebaseFirestore.framework",
				"${TARGET_BUILD_DIR}/${FRAMEWORKS_FOLDER_PATH}/FirebaseFirestoreInternal.framework",
				"${TARGET_BUILD_DIR}/${FRAMEWORKS_FOLDER_PATH}/FirebaseSharedSwift.framework",
				"${TARGET_BUILD_DIR}/${FRAMEWORKS_FOLDER_PATH}/FirebaseStorage.framework",
				"${TARGET_BUILD_DIR}/${FRAMEWORKS_FOLDER_PATH}/GTMAppAuth.framework",
				"${TARGET_BUILD_DIR}/${FRAMEWORKS_FOLDER_PATH}/GTMSessionFetcher.framework",
				"${TARGET_BUILD_DIR}/${FRAMEWORKS_FOLDER_PATH}/GoogleSignIn.framework",
				"${TARGET_BUILD_DIR}/${FRAMEWORKS_FOLDER_PATH}/GoogleUtilities.framework",
				"${TARGET_BUILD_DIR}/${FRAMEWORKS_FOLDER_PATH}/ImageViewer.framework",
				"${TARGET_BUILD_DIR}/${FRAMEWORKS_FOLDER_PATH}/NYTPhotoViewer.framework",
				"${TARGET_BUILD_DIR}/${FRAMEWORKS_FOLDER_PATH}/PINCache.framework",
				"${TARGET_BUILD_DIR}/${FRAMEWORKS_FOLDER_PATH}/PINOperation.framework",
				"${TARGET_BUILD_DIR}/${FRAMEWORKS_FOLDER_PATH}/PINRemoteImage.framework",
				"${TARGET_BUILD_DIR}/${FRAMEWORKS_FOLDER_PATH}/FBLPromises.framework",
				"${TARGET_BUILD_DIR}/${FRAMEWORKS_FOLDER_PATH}/RecaptchaInterop.framework",
				"${TARGET_BUILD_DIR}/${FRAMEWORKS_FOLDER_PATH}/SnapKit.framework",
				"${TARGET_BUILD_DIR}/${FRAMEWORKS_FOLDER_PATH}/VegaScrollFlowLayout.framework",
				"${TARGET_BUILD_DIR}/${FRAMEWORKS_FOLDER_PATH}/WLEmptyState.framework",
				"${TARGET_BUILD_DIR}/${FRAMEWORKS_FOLDER_PATH}/absl.framework",
				"${TARGET_BUILD_DIR}/${FRAMEWORKS_FOLDER_PATH}/grpcpp.framework",
				"${TARGET_BUILD_DIR}/${FRAMEWORKS_FOLDER_PATH}/grpc.framework",
				"${TARGET_BUILD_DIR}/${FRAMEWORKS_FOLDER_PATH}/leveldb.framework",
				"${TARGET_BUILD_DIR}/${FRAMEWORKS_FOLDER_PATH}/nanopb.framework",
			);
			runOnlyForDeploymentPostprocessing = 0;
			shellPath = /bin/sh;
			shellScript = "\"${PODS_ROOT}/Target Support Files/Pods-Calculator Notes/Pods-Calculator Notes-frameworks.sh\"\n";
			showEnvVarsInLog = 0;
		};
/* End PBXShellScriptBuildPhase section */

/* Begin PBXSourcesBuildPhase section */
		2E4A078C1C42F3B0007F415F /* Sources */ = {
			isa = PBXSourcesBuildPhase;
			buildActionMask = 2147483647;
			files = (
				C467BCAB24A9AABF0039D237 /* VideoCollectionViewController.swift in Sources */,
				C60907022C18D45A0066D337 /* AuthManager.swift in Sources */,
				2E4A07B11C42F599007F415F /* ListNotesTableViewCell.swift in Sources */,
				730438652A315B17001EF25B /* AdsService.swift in Sources */,
				73A8EFE42C5ABEBB00601079 /* CustomLabelButtonView.swift in Sources */,
				2E4A07AF1C42F539007F415F /* Date+convertToString.swift in Sources */,
				737D66A62AB0AB9F00806C98 /* FaceIDManager.swift in Sources */,
				C4148D8A2440F45E00225706 /* CollectionViewCell.swift in Sources */,
				C4B183CD2CCFCD2F00BE0272 /* FirebasePhotoSharingService.swift in Sources */,
				73A8EFE02C5ABE7200601079 /* BackupLoginView.swift in Sources */,
				C48108E924A57552003E2FA5 /* ChangeCalculatorViewController.swift in Sources */,
				73AF3C302C6515D30011FE35 /* FirebaseVideoService.swift in Sources */,
				C60906FC2C18D2D20066D337 /* UIView+Designable.swift in Sources */,
				7304387C2A344692001EF25B /* EditLeftBarButtonItem.swift in Sources */,
				73C2C50B2A49D84000963BA2 /* BasicCollectionViewController.swift in Sources */,
				C41F8484249F271F0015F134 /* PasswordViewController.swift in Sources */,
				73B54D6827B09DF100499F66 /* Text.swift in Sources */,
				738B6AF32AD8C60200EA4B72 /* InsertRecoverEmailViewController.swift in Sources */,
				73C2C5052A49D79B00963BA2 /* UIView+extension.swift in Sources */,
				73862C882AAD2CFA005D9D25 /* VideoCollectionCoordinator.swift in Sources */,
				73862C862AAD19CA005D9D25 /* VaultViewController.swift in Sources */,
				2E4A07AB1C42F497007F415F /* DisplayNoteViewController.swift in Sources */,
				73C0360A2A992E0A004660F4 /* CollectionViewCoordinator.swift in Sources */,
				73BD064E2B0B229200205E4B /* VaultViewControllerNew.swift in Sources */,
				7342CA392ABBC0DA004FD07C /* PurchaseHeaderView.swift in Sources */,
				7304387E2A3446A4001EF25B /* AdditionsRightBarButtonItem.swift in Sources */,
				C4B75EF52CDC000D005BEBD4 /* SharedFolderSettings.swift in Sources */,
				C4D5123B2CDD013800238037 /* SecretLinkCell.swift in Sources */,
				C46AD0FF24416D8E00EF0236 /* CoreDataImageService.swift in Sources */,
				731436442A48D6B000B9842E /* FooterView.swift in Sources */,
				07795D651F06ADCC0018466E /* CoreDataHelper.swift in Sources */,
				73B54D6B27B09FDA00499F66 /* UILabel+extensions.swift in Sources */,
				737530CF2B60CE6A000B23E3 /* UseTermsViewController.swift in Sources */,
				BA3244422A4B692C00A782CA /* BasicModels.swift in Sources */,
				730438712A341519001EF25B /* AdsHandler.swift in Sources */,
				C49B73BC2CB9D7970097E37E /* FakeHomeViewController.swift in Sources */,
				730438632A315B02001EF25B /* FoldersService.swift in Sources */,
				730438762A3445EF001EF25B /* FlowLayout.swift in Sources */,
				C48108E424A559AA003E2FA5 /* SettingsViewController.swift in Sources */,
				73A8EFE22C5ABE9800601079 /* BackupStatusView.swift in Sources */,
				738827C82B1509170051BEF4 /* InAppPurchaseManager.swift in Sources */,
				738B6AF12AD8C57800EA4B72 /* OnboardingAddPhotosViewController.swift in Sources */,
				73A8EFE62C5ACA3600601079 /* BackupProfileView.swift in Sources */,
				73B54D6D27B0A89800499F66 /* UIButton+Extension.swift in Sources */,
				C4A819F124A6C113005023C6 /* IAPHelper.swift in Sources */,
				C48108E724A5753B003E2FA5 /* ChangePasswordViewController.swift in Sources */,
				7342CA372ABBC0BC004FD07C /* PurchaseBenetList.swift in Sources */,
				737D66A42AB0AB3100806C98 /* RoundedShadowView.swift in Sources */,
				738218502767ECE500E726FE /* NavigationController+Extensions.swift in Sources */,
				738FB4BF2BADD4C600595F60 /* ChangeNewCalcViewController2.swift in Sources */,
				C4CA01552CB82593007C4EB9 /* IconContentView.swift in Sources */,
				73862C8F2AAD2DBA005D9D25 /* SettingsCoordinator.swift in Sources */,
				73C2C5032A49CF8900963BA2 /* BaseCalculatorViewController.swift in Sources */,
				C4CA01532CB80A8B007C4EB9 /* SafariWrapperViewController.swift in Sources */,
				73B54D7127B0AE1100499F66 /* UIImage+Extension.swift in Sources */,
				736BDAD32A979D7200851BEF /* BackupModalViewController.swift in Sources */,
				C4A819F424A6C113005023C6 /* RazeFaceProducts.swift in Sources */,
				C49B73BA2CB9D7970097E37E /* FakeHomeFactory.swift in Sources */,
				73B54D6F27B0AC7A00499F66 /* Alerts.swift in Sources */,
				D7B44A942C366030001255FA /* FirebaseBackupService.swift in Sources */,
				2E4A07941C42F3B0007F415F /* AppDelegate.swift in Sources */,
				73862C842AAD18BC005D9D25 /* Constants.swift in Sources */,
				C48DC9D32CDD1BA9008C9E16 /* TutorialView.swift in Sources */,
				C4BEBDED2CD8FE2E001B15B4 /* CollectionViewController.swift in Sources */,
				730B2EB92C593FD40016FD9E /* BackupUpdateManager.swift in Sources */,
				738B6AEF2AD8C54C00EA4B72 /* ScrollableTextViewController.swift in Sources */,
				73C2C5072A49D7AE00963BA2 /* TabBarController+Extensions.swift in Sources */,
				736BDAD12A979BC100851BEF /* LoadingAlert.swift in Sources */,
				7304387A2A34467C001EF25B /* FolderCollectionViewCell.swift in Sources */,
				73A8EFDE2C5AA49800601079 /* BackupHeaderView.swift in Sources */,
				2E4A07A91C42F40B007F415F /* ListNotesTableViewController.swift in Sources */,
				7342CA352ABB95DB004FD07C /* DiamondView.swift in Sources */,
				C46AD1012441708400EF0236 /* ModelController.swift in Sources */,
				73AF3C322C65162A0011FE35 /* Data+Extension.swift in Sources */,
				73862C822AAD1894005D9D25 /* OnboardingViewController.swift in Sources */,
				C480A50224A770E500094FC8 /* PurchaseViewController.swift in Sources */,
				73D1CD9B2B731212007E97CC /* ChangeNewCalcViewController.swift in Sources */,
				73B54D6627B09D9800499F66 /* String+Localized.swift in Sources */,
				C467BCC424A9B1880039D237 /* VideoModelController.swift in Sources */,
				73AF3C2E2C6515840011FE35 /* FirebaseImageService.swift in Sources */,
				C4FFA33B243E898E008A41FA /* CalculatorViewController.swift in Sources */,
				C4C079CB2698CFBC0020FC69 /* UserDefaultService.swift in Sources */,
				C4D6CAD12CBF3B5D001AD628 /* PhotoViewController.swift in Sources */,
				848490D31D68F5610043C60B /* MakeSchoolNotes.xcdatamodeld in Sources */,
				73B860592AC1FB330023441A /* OnboardingView.swift in Sources */,
				73B053D22AA01A0100546566 /* PlaceholderView.swift in Sources */,
			);
			runOnlyForDeploymentPostprocessing = 0;
		};
/* End PBXSourcesBuildPhase section */

/* Begin PBXVariantGroup section */
		2E4A07971C42F3B0007F415F /* Main.storyboard */ = {
			isa = PBXVariantGroup;
			children = (
				2E4A07981C42F3B0007F415F /* Base */,
				73B54D5927B0995600499F66 /* pt-BR */,
				73ABC0F0284F25CA00E5C3A4 /* es-419 */,
				73CB3AE92C61B00C00743FF6 /* pt-PT */,
			);
			name = Main.storyboard;
			sourceTree = "<group>";
		};
		2E4A079C1C42F3B0007F415F /* LaunchScreen.storyboard */ = {
			isa = PBXVariantGroup;
			children = (
				2E4A079D1C42F3B0007F415F /* Base */,
				73B54D5A27B0995600499F66 /* pt-BR */,
				73ABC0F1284F25CA00E5C3A4 /* es-419 */,
				73CB3AEA2C61B00D00743FF6 /* pt-PT */,
			);
			name = LaunchScreen.storyboard;
			sourceTree = "<group>";
		};
		737FFF982BACC63E003CBD33 /* InfoPlist.strings */ = {
			isa = PBXVariantGroup;
			children = (
				737FFF972BACC63E003CBD33 /* en */,
				737FFF992BACC646003CBD33 /* pt-BR */,
				737FFF9A2BACC649003CBD33 /* es-MX */,
				737FFF9B2BACC6BE003CBD33 /* es-419 */,
				73CB3AE52C61AF6400743FF6 /* ar */,
				73CB3AE62C61AF6D00743FF6 /* de */,
				73CB3AE72C61AF6F00743FF6 /* fr */,
				73CB3AE82C61AF7400743FF6 /* es */,
				73CB3AEC2C61B00E00743FF6 /* pt-PT */,
			);
			name = InfoPlist.strings;
			sourceTree = "<group>";
		};
		73B54D5F27B09A1B00499F66 /* Localizable.strings */ = {
			isa = PBXVariantGroup;
			children = (
				73B54D5E27B09A1B00499F66 /* pt-BR */,
				73B54D7227B0BE2600499F66 /* en */,
				73ABC0F2284F25CB00E5C3A4 /* es-419 */,
				73C563532A9BA9560043DC78 /* es-MX */,
				73C563562A9CE8F80043DC78 /* tr */,
				73C563572A9CE8FB0043DC78 /* es */,
				73C563582A9CE8FC0043DC78 /* ru */,
				73C563592A9CE8FE0043DC78 /* ko */,
				73C5635A2A9CE8FE0043DC78 /* ja */,
				73C5635B2A9CE8FF0043DC78 /* id */,
				73C5635C2A9CE8FF0043DC78 /* hi-IN */,
				73C5635D2A9CE9000043DC78 /* de */,
				73C5635E2A9CE9010043DC78 /* fr */,
				73C5635F2A9CE9010043DC78 /* zh-Hant */,
				73C563602A9CE9020043DC78 /* zh-Hans */,
				73C563612A9CE9030043DC78 /* ar */,
				73CB3AEB2C61B00D00743FF6 /* pt-PT */,
			);
			name = Localizable.strings;
			sourceTree = "<group>";
		};
/* End PBXVariantGroup section */

/* Begin XCBuildConfiguration section */
		2E4A07A01C42F3B0007F415F /* Debug */ = {
			isa = XCBuildConfiguration;
			buildSettings = {
				ALWAYS_SEARCH_USER_PATHS = NO;
				CLANG_ANALYZER_LOCALIZABILITY_NONLOCALIZED = YES;
				CLANG_CXX_LANGUAGE_STANDARD = "gnu++0x";
				CLANG_CXX_LIBRARY = "libc++";
				CLANG_ENABLE_MODULES = YES;
				CLANG_ENABLE_OBJC_ARC = YES;
				CLANG_WARN_BLOCK_CAPTURE_AUTORELEASING = YES;
				CLANG_WARN_BOOL_CONVERSION = YES;
				CLANG_WARN_COMMA = YES;
				CLANG_WARN_CONSTANT_CONVERSION = YES;
				CLANG_WARN_DEPRECATED_OBJC_IMPLEMENTATIONS = YES;
				CLANG_WARN_DIRECT_OBJC_ISA_USAGE = YES_ERROR;
				CLANG_WARN_EMPTY_BODY = YES;
				CLANG_WARN_ENUM_CONVERSION = YES;
				CLANG_WARN_INFINITE_RECURSION = YES;
				CLANG_WARN_INT_CONVERSION = YES;
				CLANG_WARN_NON_LITERAL_NULL_CONVERSION = YES;
				CLANG_WARN_OBJC_IMPLICIT_RETAIN_SELF = YES;
				CLANG_WARN_OBJC_LITERAL_CONVERSION = YES;
				CLANG_WARN_OBJC_ROOT_CLASS = YES_ERROR;
				CLANG_WARN_QUOTED_INCLUDE_IN_FRAMEWORK_HEADER = YES;
				CLANG_WARN_RANGE_LOOP_ANALYSIS = YES;
				CLANG_WARN_STRICT_PROTOTYPES = YES;
				CLANG_WARN_SUSPICIOUS_MOVE = YES;
				CLANG_WARN_UNREACHABLE_CODE = YES;
				CLANG_WARN__DUPLICATE_METHOD_MATCH = YES;
				"CODE_SIGN_IDENTITY[sdk=iphoneos*]" = "iPhone Developer";
				COPY_PHASE_STRIP = NO;
				DEBUG_INFORMATION_FORMAT = dwarf;
				ENABLE_STRICT_OBJC_MSGSEND = YES;
				ENABLE_TESTABILITY = YES;
				GCC_C_LANGUAGE_STANDARD = gnu99;
				GCC_DYNAMIC_NO_PIC = NO;
				GCC_NO_COMMON_BLOCKS = YES;
				GCC_OPTIMIZATION_LEVEL = 0;
				GCC_PREPROCESSOR_DEFINITIONS = (
					"DEBUG=1",
					"$(inherited)",
				);
				GCC_WARN_64_TO_32_BIT_CONVERSION = YES;
				GCC_WARN_ABOUT_RETURN_TYPE = YES_ERROR;
				GCC_WARN_UNDECLARED_SELECTOR = YES;
				GCC_WARN_UNINITIALIZED_AUTOS = YES_AGGRESSIVE;
				GCC_WARN_UNUSED_FUNCTION = YES;
				GCC_WARN_UNUSED_VARIABLE = YES;
				MTL_ENABLE_DEBUG_INFO = YES;
				ONLY_ACTIVE_ARCH = YES;
				SDKROOT = iphoneos;
				SWIFT_OPTIMIZATION_LEVEL = "-Onone";
				TARGETED_DEVICE_FAMILY = "1,2";
			};
			name = Debug;
		};
		2E4A07A11C42F3B0007F415F /* Release */ = {
			isa = XCBuildConfiguration;
			buildSettings = {
				ALWAYS_SEARCH_USER_PATHS = NO;
				CLANG_ANALYZER_LOCALIZABILITY_NONLOCALIZED = YES;
				CLANG_CXX_LANGUAGE_STANDARD = "gnu++0x";
				CLANG_CXX_LIBRARY = "libc++";
				CLANG_ENABLE_MODULES = YES;
				CLANG_ENABLE_OBJC_ARC = YES;
				CLANG_WARN_BLOCK_CAPTURE_AUTORELEASING = YES;
				CLANG_WARN_BOOL_CONVERSION = YES;
				CLANG_WARN_COMMA = YES;
				CLANG_WARN_CONSTANT_CONVERSION = YES;
				CLANG_WARN_DEPRECATED_OBJC_IMPLEMENTATIONS = YES;
				CLANG_WARN_DIRECT_OBJC_ISA_USAGE = YES_ERROR;
				CLANG_WARN_EMPTY_BODY = YES;
				CLANG_WARN_ENUM_CONVERSION = YES;
				CLANG_WARN_INFINITE_RECURSION = YES;
				CLANG_WARN_INT_CONVERSION = YES;
				CLANG_WARN_NON_LITERAL_NULL_CONVERSION = YES;
				CLANG_WARN_OBJC_IMPLICIT_RETAIN_SELF = YES;
				CLANG_WARN_OBJC_LITERAL_CONVERSION = YES;
				CLANG_WARN_OBJC_ROOT_CLASS = YES_ERROR;
				CLANG_WARN_QUOTED_INCLUDE_IN_FRAMEWORK_HEADER = YES;
				CLANG_WARN_RANGE_LOOP_ANALYSIS = YES;
				CLANG_WARN_STRICT_PROTOTYPES = YES;
				CLANG_WARN_SUSPICIOUS_MOVE = YES;
				CLANG_WARN_UNREACHABLE_CODE = YES;
				CLANG_WARN__DUPLICATE_METHOD_MATCH = YES;
				"CODE_SIGN_IDENTITY[sdk=iphoneos*]" = "iPhone Developer";
				COPY_PHASE_STRIP = NO;
				DEBUG_INFORMATION_FORMAT = "dwarf-with-dsym";
				ENABLE_NS_ASSERTIONS = NO;
				ENABLE_STRICT_OBJC_MSGSEND = YES;
				GCC_C_LANGUAGE_STANDARD = gnu99;
				GCC_NO_COMMON_BLOCKS = YES;
				GCC_WARN_64_TO_32_BIT_CONVERSION = YES;
				GCC_WARN_ABOUT_RETURN_TYPE = YES_ERROR;
				GCC_WARN_UNDECLARED_SELECTOR = YES;
				GCC_WARN_UNINITIALIZED_AUTOS = YES_AGGRESSIVE;
				GCC_WARN_UNUSED_FUNCTION = YES;
				GCC_WARN_UNUSED_VARIABLE = YES;
				MTL_ENABLE_DEBUG_INFO = NO;
				SDKROOT = iphoneos;
				SWIFT_COMPILATION_MODE = wholemodule;
				SWIFT_OPTIMIZATION_LEVEL = "-O";
				TARGETED_DEVICE_FAMILY = "1,2";
				VALIDATE_PRODUCT = YES;
			};
			name = Release;
		};
		2E4A07A31C42F3B0007F415F /* Debug */ = {
			isa = XCBuildConfiguration;
			baseConfigurationReference = 8CD7FDCE1854C6BD4A61E97A /* Pods-Calculator Notes.debug.xcconfig */;
			buildSettings = {
				ASSETCATALOG_COMPILER_APPICON_NAME = AppIcon;
				ASSETCATALOG_COMPILER_INCLUDE_ALL_APPICON_ASSETS = YES;
				CODE_SIGN_ENTITLEMENTS = "Calculator Notes/Calculator Notes.entitlements";
				CODE_SIGN_IDENTITY = "Apple Development";
				CODE_SIGN_STYLE = Automatic;
				CURRENT_PROJECT_VERSION = 173;
				DEVELOPMENT_TEAM = NZC6LC8NWM;
				ENABLE_USER_SCRIPT_SANDBOXING = NO;
				FRAMEWORK_SEARCH_PATHS = (
					"$(inherited)",
					"$(PROJECT_DIR)",
				);
				INFOPLIST_FILE = "Calculator Notes/Info.plist";
				INFOPLIST_KEY_CFBundleDisplayName = SG;
				INFOPLIST_KEY_LSApplicationCategoryType = "public.app-category.utilities";
				IPHONEOS_DEPLOYMENT_TARGET = 14.5;
				LD_RUNPATH_SEARCH_PATHS = (
					"$(inherited)",
					"@executable_path/Frameworks",
				);
				MARKETING_VERSION = 173;
				PRODUCT_BUNDLE_IDENTIFIER = com.joao.CalculatorNotes;
				PRODUCT_NAME = "Calculator Notes";
				PROVISIONING_PROFILE_SPECIFIER = "";
				SUPPORTED_PLATFORMS = "iphoneos iphonesimulator macosx";
				SUPPORTS_MACCATALYST = NO;
				SUPPORTS_MAC_DESIGNED_FOR_IPHONE_IPAD = YES;
				SWIFT_VERSION = 4.0;
				TARGETED_DEVICE_FAMILY = "1,2";
			};
			name = Debug;
		};
		2E4A07A41C42F3B0007F415F /* Release */ = {
			isa = XCBuildConfiguration;
			baseConfigurationReference = 1075548349A77F8CBAA3FF01 /* Pods-Calculator Notes.release.xcconfig */;
			buildSettings = {
				ASSETCATALOG_COMPILER_APPICON_NAME = AppIcon;
				ASSETCATALOG_COMPILER_INCLUDE_ALL_APPICON_ASSETS = YES;
				CODE_SIGN_ENTITLEMENTS = "Calculator Notes/Calculator Notes.entitlements";
				CODE_SIGN_IDENTITY = "Apple Development";
				CODE_SIGN_STYLE = Automatic;
				CURRENT_PROJECT_VERSION = 173;
				DEVELOPMENT_TEAM = NZC6LC8NWM;
				ENABLE_USER_SCRIPT_SANDBOXING = NO;
				FRAMEWORK_SEARCH_PATHS = (
					"$(inherited)",
					"$(PROJECT_DIR)",
				);
				INFOPLIST_FILE = "Calculator Notes/Info.plist";
				INFOPLIST_KEY_CFBundleDisplayName = SG;
				INFOPLIST_KEY_LSApplicationCategoryType = "public.app-category.utilities";
				IPHONEOS_DEPLOYMENT_TARGET = 14.5;
				LD_RUNPATH_SEARCH_PATHS = (
					"$(inherited)",
					"@executable_path/Frameworks",
				);
				MARKETING_VERSION = 173;
				PRODUCT_BUNDLE_IDENTIFIER = com.joao.CalculatorNotes;
				PRODUCT_NAME = "Calculator Notes";
				PROVISIONING_PROFILE_SPECIFIER = "";
				SUPPORTED_PLATFORMS = "iphoneos iphonesimulator macosx";
				SUPPORTS_MACCATALYST = NO;
				SUPPORTS_MAC_DESIGNED_FOR_IPHONE_IPAD = YES;
				SWIFT_VERSION = 4.0;
				TARGETED_DEVICE_FAMILY = "1,2";
			};
			name = Release;
		};
/* End XCBuildConfiguration section */

/* Begin XCConfigurationList section */
		2E4A078B1C42F3B0007F415F /* Build configuration list for PBXProject "Calculator Notes" */ = {
			isa = XCConfigurationList;
			buildConfigurations = (
				2E4A07A01C42F3B0007F415F /* Debug */,
				2E4A07A11C42F3B0007F415F /* Release */,
			);
			defaultConfigurationIsVisible = 0;
			defaultConfigurationName = Release;
		};
		2E4A07A21C42F3B0007F415F /* Build configuration list for PBXNativeTarget "Calculator Notes" */ = {
			isa = XCConfigurationList;
			buildConfigurations = (
				2E4A07A31C42F3B0007F415F /* Debug */,
				2E4A07A41C42F3B0007F415F /* Release */,
			);
			defaultConfigurationIsVisible = 0;
			defaultConfigurationName = Release;
		};
/* End XCConfigurationList section */

/* Begin XCRemoteSwiftPackageReference section */
		7307862D2AA18293003B7D9D /* XCRemoteSwiftPackageReference "firebase-ios-sdk" */ = {
			isa = XCRemoteSwiftPackageReference;
			repositoryURL = "https://github.com/firebase/firebase-ios-sdk.git";
			requirement = {
				kind = upToNextMajorVersion;
				minimumVersion = 10.0.0;
			};
		};
/* End XCRemoteSwiftPackageReference section */

/* Begin XCVersionGroup section */
		848490D11D68F5610043C60B /* MakeSchoolNotes.xcdatamodeld */ = {
			isa = XCVersionGroup;
			children = (
				848490D21D68F5610043C60B /* MakeSchoolNotes.xcdatamodel */,
			);
			currentVersion = 848490D21D68F5610043C60B /* MakeSchoolNotes.xcdatamodel */;
			path = MakeSchoolNotes.xcdatamodeld;
			sourceTree = "<group>";
			versionGroupType = wrapper.xcdatamodel;
		};
/* End XCVersionGroup section */
	};
	rootObject = 2E4A07881C42F3B0007F415F /* Project object */;
}
